<?xml version="1.0" encoding="utf-8"?>
<Project ToolsVersion="4.0" xmlns="http://schemas.microsoft.com/developer/msbuild/2003">
  <ItemGroup>
    <Filter Include="Source Files">
      <UniqueIdentifier>{235cf041-3aec-4682-9d8a-49711c15e8b8}</UniqueIdentifier>
      <Extensions>cpp;c;cxx;rc;def;r;odl;idl;hpj;bat</Extensions>
    </Filter>
    <Filter Include="Header Files">
      <UniqueIdentifier>{9b6f5a16-14b6-4334-9075-413d73deb649}</UniqueIdentifier>
      <Extensions>h;hpp;hxx;hm;inl</Extensions>
    </Filter>
    <Filter Include="Libs">
      <UniqueIdentifier>{05ba4d08-11a8-4dee-8fe4-bea8359f803e}</UniqueIdentifier>
      <Extensions>.lib</Extensions>
    </Filter>
    <Filter Include="Resource Files">
      <UniqueIdentifier>{63a676d1-f5f9-46db-8185-a43f29d5d38a}</UniqueIdentifier>
      <Extensions>ico;cur;bmp;dlg;rc2;rct;bin;rgs;gif;jpg;jpeg;jpe</Extensions>
    </Filter>
  </ItemGroup>
  <ItemGroup>
    <ClCompile Include="KLAviFile.cpp">
      <Filter>Source Files</Filter>
    </ClCompile>
    <ClCompile Include="KLCFile.cpp">
      <Filter>Source Files</Filter>
    </ClCompile>
    <ClCompile Include="KLMp3Music.cpp">
      <Filter>Source Files</Filter>
    </ClCompile>
    <ClCompile Include="KLMp4Audio.cpp">
      <Filter>Source Files</Filter>
    </ClCompile>
    <ClCompile Include="KLMp4Video.cpp">
      <Filter>Source Files</Filter>
    </ClCompile>
    <ClCompile Include="KLMusic.cpp">
      <Filter>Source Files</Filter>
    </ClCompile>
    <ClCompile Include="KLThread.cpp">
      <Filter>Source Files</Filter>
    </ClCompile>
    <ClCompile Include="KLVideo.cpp">
      <Filter>Source Files</Filter>
    </ClCompile>
    <ClCompile Include="StdAfx.cpp">
      <Filter>Source Files</Filter>
    </ClCompile>
  </ItemGroup>
  <ItemGroup>
    <ClInclude Include="KLAviFile.h">
      <Filter>Header Files</Filter>
    </ClInclude>
    <ClInclude Include="KLMp3Music.h">
      <Filter>Header Files</Filter>
    </ClInclude>
    <ClInclude Include="KLMp4Audio.h">
      <Filter>Header Files</Filter>
    </ClInclude>
    <ClInclude Include="KLMp4Video.h">
      <Filter>Header Files</Filter>
    </ClInclude>
    <ClInclude Include="KLMusic.h">
      <Filter>Header Files</Filter>
    </ClInclude>
    <ClInclude Include="KLVideo.h">
      <Filter>Header Files</Filter>
    </ClInclude>
    <ClInclude Include="StdAfx.h">
      <Filter>Header Files</Filter>
    </ClInclude>
  </ItemGroup>
  <ItemGroup>
    <Library Include="..\..\Lib\decore.lib">
      <Filter>Libs</Filter>
    </Library>
    <Library Include="..\..\Lib\mp3lib.lib">
      <Filter>Libs</Filter>
    </Library>
  </ItemGroup>
  <ItemGroup>
    <Text Include="ReadMe.txt" />
  </ItemGroup>
</Project>