<?xml version="1.0" encoding="utf-8"?>
<Project ToolsVersion="4.0" xmlns="http://schemas.microsoft.com/developer/msbuild/2003">
  <ItemGroup>
    <Filter Include="Source Files">
      <UniqueIdentifier>{d7e1bdd3-b18a-4ac8-a4be-6d180f076a45}</UniqueIdentifier>
      <Extensions>cpp;c;cxx;rc;def;r;odl;idl;hpj;bat</Extensions>
    </Filter>
    <Filter Include="Header Files">
      <UniqueIdentifier>{d85525bd-de82-4cb5-a737-fab8939ade3a}</UniqueIdentifier>
      <Extensions>h;hpp;hxx;hm;inl</Extensions>
    </Filter>
    <Filter Include="Resource Files">
      <UniqueIdentifier>{77a30f7d-18a9-4dfa-ab19-1c37d57e2014}</UniqueIdentifier>
      <Extensions>ico;cur;bmp;dlg;rc2;rct;bin;rgs;gif;jpg;jpeg;jpe</Extensions>
    </Filter>
    <Filter Include="Network Files">
      <UniqueIdentifier>{d20849ff-6282-4b90-86c0-845d18febc34}</UniqueIdentifier>
    </Filter>
    <Filter Include="Ctrl Files">
      <UniqueIdentifier>{7ca34202-427b-424c-8ba3-a4457b702a36}</UniqueIdentifier>
    </Filter>
  </ItemGroup>
  <ItemGroup>
    <ClCompile Include="S3Robot.cpp">
      <Filter>Source Files</Filter>
    </ClCompile>
    <ClCompile Include="S3RobotDlg.cpp">
      <Filter>Source Files</Filter>
    </ClCompile>
    <ClCompile Include="StdAfx.cpp">
      <Filter>Source Files</Filter>
    </ClCompile>
    <ClCompile Include="GameClient.cpp">
      <Filter>Network Files</Filter>
    </ClCompile>
    <ClCompile Include="JXClient.cpp">
      <Filter>Network Files</Filter>
    </ClCompile>
    <ClCompile Include="HyperLink.cpp">
      <Filter>Ctrl Files</Filter>
    </ClCompile>
  </ItemGroup>
  <ItemGroup>
    <ResourceCompile Include="S3Robot.rc">
      <Filter>Source Files</Filter>
    </ResourceCompile>
  </ItemGroup>
  <ItemGroup>
    <ClInclude Include="Resource.h">
      <Filter>Header Files</Filter>
    </ClInclude>
    <ClInclude Include="S3Robot.h">
      <Filter>Header Files</Filter>
    </ClInclude>
    <ClInclude Include="S3RobotDlg.h">
      <Filter>Header Files</Filter>
    </ClInclude>
    <ClInclude Include="StdAfx.h">
      <Filter>Header Files</Filter>
    </ClInclude>
    <ClInclude Include="GameClient.h">
      <Filter>Network Files</Filter>
    </ClInclude>
    <ClInclude Include="JXClient.h">
      <Filter>Network Files</Filter>
    </ClInclude>
    <ClInclude Include="protocol.h">
      <Filter>Network Files</Filter>
    </ClInclude>
    <ClInclude Include="HyperLink.h">
      <Filter>Ctrl Files</Filter>
    </ClInclude>
  </ItemGroup>
  <ItemGroup>
    <Image Include="res\cor.ico">
      <Filter>Resource Files</Filter>
    </Image>
    <Image Include="res\info.ico">
      <Filter>Resource Files</Filter>
    </Image>
    <Image Include="res\S3Robot.ico">
      <Filter>Resource Files</Filter>
    </Image>
    <Image Include="res\warn.ico">
      <Filter>Resource Files</Filter>
    </Image>
    <Image Include="res\world.ico">
      <Filter>Resource Files</Filter>
    </Image>
  </ItemGroup>
  <ItemGroup>
    <CustomBuild Include="res\S3Robot.rc2">
      <Filter>Resource Files</Filter>
    </CustomBuild>
  </ItemGroup>
</Project>