<?xml version="1.0" encoding="utf-8"?>
<Project ToolsVersion="4.0" xmlns="http://schemas.microsoft.com/developer/msbuild/2003">
  <ItemGroup>
    <Filter Include="DLL Source Files">
      <UniqueIdentifier>{4e1e2c88-5b4d-469e-bc3a-8b17778ef163}</UniqueIdentifier>
      <Extensions>cpp;c;cxx;rc;def;r;odl;idl;hpj;bat</Extensions>
    </Filter>
    <Filter Include="DLL Header Files">
      <UniqueIdentifier>{0b57eb2c-8b5e-43d4-a4e2-00337a82e8e4}</UniqueIdentifier>
      <Extensions>h;hpp;hxx;hm;inl</Extensions>
    </Filter>
    <Filter Include="IOCPServer">
      <UniqueIdentifier>{fc866737-6877-429b-b719-d6051a248f60}</UniqueIdentifier>
    </Filter>
    <Filter Include="IOCPServer\Source Files">
      <UniqueIdentifier>{afc75f8c-ec3a-42f7-b54e-357142cd8e1c}</UniqueIdentifier>
    </Filter>
    <Filter Include="IOCPServer\Header Files">
      <UniqueIdentifier>{c31f527e-9ed6-4d58-a079-83aff945b781}</UniqueIdentifier>
    </Filter>
    <Filter Include="Interface">
      <UniqueIdentifier>{25b99e11-2aab-4186-bf6a-b34caccb80ee}</UniqueIdentifier>
    </Filter>
    <Filter Include="Lib">
      <UniqueIdentifier>{6d30556f-d7a7-4828-ac42-d09d350f3920}</UniqueIdentifier>
    </Filter>
    <Filter Include="Lib\Debug">
      <UniqueIdentifier>{e50a8f71-ce32-458a-97d6-5a5b006abcad}</UniqueIdentifier>
    </Filter>
    <Filter Include="Lib\Release">
      <UniqueIdentifier>{598a354e-a2b7-4fed-aef2-aad01a9ce753}</UniqueIdentifier>
    </Filter>
    <Filter Include="Resource Files">
      <UniqueIdentifier>{a07bbb94-1974-4cf6-8471-98c87896032a}</UniqueIdentifier>
      <Extensions>ico;cur;bmp;dlg;rc2;rct;bin;rgs;gif;jpg;jpeg;jpe</Extensions>
    </Filter>
  </ItemGroup>
  <ItemGroup>
    <ClCompile Include="Heaven.cpp">
      <Filter>DLL Source Files</Filter>
    </ClCompile>
    <ClCompile Include="IServer.cpp">
      <Filter>DLL Source Files</Filter>
    </ClCompile>
    <ClCompile Include="ServerStage.cpp">
      <Filter>IOCPServer\Source Files</Filter>
    </ClCompile>
  </ItemGroup>
  <ItemGroup>
    <ClInclude Include="ServerStage.h">
      <Filter>IOCPServer\Header Files</Filter>
    </ClInclude>
    <ClInclude Include="Interface\HeavenInterface.h">
      <Filter>Interface</Filter>
    </ClInclude>
    <ClInclude Include="Interface\IServer.h">
      <Filter>Interface</Filter>
    </ClInclude>
  </ItemGroup>
  <ItemGroup>
    <Library Include="..\..\..\Lib\debug\common.lib">
      <Filter>Lib\Debug</Filter>
    </Library>
    <Library Include="..\..\..\Lib\release\common.lib">
      <Filter>Lib\Release</Filter>
    </Library>
  </ItemGroup>
  <ItemGroup>
    <Text Include="Interface.txt" />
  </ItemGroup>
  <ItemGroup>
    <CustomBuild Include="Heaven.def">
      <Filter>DLL Header Files</Filter>
    </CustomBuild>
  </ItemGroup>
  <ItemGroup>
    <None Include="packages.config" />
  </ItemGroup>
</Project>