
Microsoft Visual Studio Solution File, Format Version 12.00
# Visual Studio Version 17
VisualStudioVersion = 17.7.34302.85
MinimumVisualStudioVersion = 10.0.40219.1
Project("{8BC9CEB8-8B4A-11D0-8D11-00A0C91BC942}") = "Bishop", "MultiServer\Bishop\Bishop.vcxproj", "{2D115CF5-D3E8-42BB-B358-CAFA4234FAEA}"
EndProject
Project("{8BC9CEB8-8B4A-11D0-8D11-00A0C91BC942}") = "Common", "MultiServer\Common\Common.vcxproj", "{557BECA9-A1BC-4D6B-AE45-B5A4E82BABE5}"
EndProject
Project("{8BC9CEB8-8B4A-11D0-8D11-00A0C91BC942}") = "Core", "Core\Core.vcxproj", "{21319396-7368-4B17-A2D6-F9A78757A952}"
EndProject
Project("{8BC9CEB8-8B4A-11D0-8D11-00A0C91BC942}") = "Engine", "Engine\Engine.vcxproj", "{7EB42DD3-54E7-4664-88D6-8D7B0CCF025D}"
EndProject
Project("{8BC9CEB8-8B4A-11D0-8D11-00A0C91BC942}") = "ExpandPackage", "ExpandPackage2.0\ExpandPackage.vcxproj", "{D930C8E5-C28C-43A9-8253-B29FC96697CD}"
EndProject
Project("{8BC9CEB8-8B4A-11D0-8D11-00A0C91BC942}") = "ExpandPackageStaticLib", "ExpandPackageStaticLib\ExpandPackageStaticLib.vcxproj", "{D3CDF3D5-F3D6-4182-9585-326AF323D7F0}"
EndProject
Project("{8BC9CEB8-8B4A-11D0-8D11-00A0C91BC942}") = "FilterText", "FilterText\FilterText.vcxproj", "{094B37BF-EA9E-41CB-BDFA-643AB3D90905}"
EndProject
Project("{8BC9CEB8-8B4A-11D0-8D11-00A0C91BC942}") = "FilterText_StaticLib", "FilterText\FilterText_StaticLib.vcxproj", "{D9B8DDEA-C6FB-4E14-8B1B-5A36EA400EC9}"
EndProject
Project("{8BC9CEB8-8B4A-11D0-8D11-00A0C91BC942}") = "GameServer", "MultiServer\GameServer\GameServer.vcxproj", "{6E568AE3-3675-40E6-965D-FFA8ECA300D4}"
EndProject
Project("{8BC9CEB8-8B4A-11D0-8D11-00A0C91BC942}") = "Goddess", "MultiServer\Goddess\Goddess.vcxproj", "{43AC2EA7-DCCE-4822-8407-86D6620F4D4B}"
EndProject
Project("{8BC9CEB8-8B4A-11D0-8D11-00A0C91BC942}") = "Heaven", "MultiServer\Heaven\Heaven.vcxproj", "{59B45CFE-36B8-48B2-850A-C194EAEAA8D1}"
EndProject
Project("{8BC9CEB8-8B4A-11D0-8D11-00A0C91BC942}") = "LuaLibDll", "Library\LuaLib\LuaLibDll.vcxproj", "{E37A89F4-5454-4024-A2CC-D489AE0B29D9}"
EndProject
Project("{8BC9CEB8-8B4A-11D0-8D11-00A0C91BC942}") = "Rainbow", "MultiServer\Rainbow\Rainbow.vcxproj", "{4C3696A5-EB3B-4C49-BB9E-2A78FB52AA46}"
EndProject
Project("{8BC9CEB8-8B4A-11D0-8D11-00A0C91BC942}") = "Represent2", "Represent\Represent2\Represent2.vcxproj", "{9E10D71D-8FB1-464C-A217-D0882A749732}"
EndProject
Project("{8BC9CEB8-8B4A-11D0-8D11-00A0C91BC942}") = "Game", "S3Client\S3Client.vcxproj", "{7B7AF2E2-7BAF-42F4-9B47-7AAC3A33739D}"
EndProject
Project("{8BC9CEB8-8B4A-11D0-8D11-00A0C91BC942}") = "S3Relay", "MultiServer\S3Relay\S3Relay.vcxproj", "{807BF50F-20B3-489D-8CAB-F21C53F275EA}"
EndProject
Project("{8BC9CEB8-8B4A-11D0-8D11-00A0C91BC942}") = "S3RelayServer", "Sword3PaySys\S3RELAYSERVER\S3RelayServer.vcxproj", "{37092D63-B9B2-445B-A2F7-48EF8C3BB86D}"
EndProject
Project("{8BC9CEB8-8B4A-11D0-8D11-00A0C91BC942}") = "Sword3PaySys", "Sword3PaySys\S3AccServer\Sword3PaySys.vcxproj", "{90BDDB6E-E5BA-4466-88FC-062C404D1A67}"
EndProject
Project("{8BC9CEB8-8B4A-11D0-8D11-00A0C91BC942}") = "JpgLib", "JpgLib\JpgLib.vcxproj", "{6CC503FE-1FA7-4520-A4A9-35474BFF1C44}"
EndProject
Project("{2150E333-8FDC-42A3-9474-1A3956D46DE8}") = "M-Client", "M-Client", "{C4D8B68F-267F-4638-A73D-497BE6FC4292}"
EndProject
Project("{2150E333-8FDC-42A3-9474-1A3956D46DE8}") = "M-Server", "M-Server", "{86888DBB-0C20-4083-8320-B8A850B00E03}"
EndProject
Project("{2150E333-8FDC-42A3-9474-1A3956D46DE8}") = "DLL Common", "DLL Common", "{B152FCD6-7FCA-4BA4-BDC7-B620975DE333}"
EndProject
Project("{2150E333-8FDC-42A3-9474-1A3956D46DE8}") = "Tools", "Tools", "{992D639C-6BC6-49F0-8C07-A881B26EC22B}"
EndProject
Project("{8BC9CEB8-8B4A-11D0-8D11-00A0C91BC942}") = "JXGM", "..\..\Utility\Sources\JXGM\JXGM.vcxproj", "{C116182E-FE0E-4F07-B293-C11C13FD47C8}"
EndProject
Project("{8BC9CEB8-8B4A-11D0-8D11-00A0C91BC942}") = "UnitePackage", "..\..\Utility\Sources\ScanFileInPack\UnitePackage.vcxproj", "{78AAF504-92D2-4DFB-83C3-8285E87137C1}"
EndProject
Project("{8BC9CEB8-8B4A-11D0-8D11-00A0C91BC942}") = "S3Robot", "S3Robot\S3Robot.vcxproj", "{8081472C-E13D-4116-AFA2-16BE8F0680AA}"
EndProject
Project("{8BC9CEB8-8B4A-11D0-8D11-00A0C91BC942}") = "Represent3", "Represent\Represent3\Represent3.vcxproj", "{182357F0-EA0F-47DA-A55E-CFDC114E7FA1}"
EndProject
Global
	GlobalSection(SolutionConfigurationPlatforms) = preSolution
		Client Debug|x64 = Client Debug|x64
		Client Debug|x86 = Client Debug|x86
		Client Release|x64 = Client Release|x64
		Client Release|x86 = Client Release|x86
		Debug|x64 = Debug|x64
		Debug|x86 = Debug|x86
		OuRead Release|x64 = OuRead Release|x64
		OuRead Release|x86 = OuRead Release|x86
		OutRead Debug|x64 = OutRead Debug|x64
		OutRead Debug|x86 = OutRead Debug|x86
		Release|x64 = Release|x64
		Release|x86 = Release|x86
		Server Debug|x64 = Server Debug|x64
		Server Debug|x86 = Server Debug|x86
		Server Release|x64 = Server Release|x64
		Server Release|x86 = Server Release|x86
		Template|x64 = Template|x64
		Template|x86 = Template|x86
	EndGlobalSection
	GlobalSection(ProjectConfigurationPlatforms) = postSolution
		{2D115CF5-D3E8-42BB-B358-CAFA4234FAEA}.Client Debug|x64.ActiveCfg = Debug|x64
		{2D115CF5-D3E8-42BB-B358-CAFA4234FAEA}.Client Debug|x64.Build.0 = Debug|x64
		{2D115CF5-D3E8-42BB-B358-CAFA4234FAEA}.Client Debug|x86.ActiveCfg = Debug|Win32
		{2D115CF5-D3E8-42BB-B358-CAFA4234FAEA}.Client Debug|x86.Build.0 = Debug|Win32
		{2D115CF5-D3E8-42BB-B358-CAFA4234FAEA}.Client Release|x64.ActiveCfg = Release|x64
		{2D115CF5-D3E8-42BB-B358-CAFA4234FAEA}.Client Release|x64.Build.0 = Release|x64
		{2D115CF5-D3E8-42BB-B358-CAFA4234FAEA}.Client Release|x86.ActiveCfg = Release|Win32
		{2D115CF5-D3E8-42BB-B358-CAFA4234FAEA}.Client Release|x86.Build.0 = Release|Win32
		{2D115CF5-D3E8-42BB-B358-CAFA4234FAEA}.Debug|x64.ActiveCfg = Debug|x64
		{2D115CF5-D3E8-42BB-B358-CAFA4234FAEA}.Debug|x64.Build.0 = Debug|x64
		{2D115CF5-D3E8-42BB-B358-CAFA4234FAEA}.Debug|x86.ActiveCfg = Debug|Win32
		{2D115CF5-D3E8-42BB-B358-CAFA4234FAEA}.Debug|x86.Build.0 = Debug|Win32
		{2D115CF5-D3E8-42BB-B358-CAFA4234FAEA}.OuRead Release|x64.ActiveCfg = Release|x64
		{2D115CF5-D3E8-42BB-B358-CAFA4234FAEA}.OuRead Release|x64.Build.0 = Release|x64
		{2D115CF5-D3E8-42BB-B358-CAFA4234FAEA}.OuRead Release|x86.ActiveCfg = Release|Win32
		{2D115CF5-D3E8-42BB-B358-CAFA4234FAEA}.OuRead Release|x86.Build.0 = Release|Win32
		{2D115CF5-D3E8-42BB-B358-CAFA4234FAEA}.OutRead Debug|x64.ActiveCfg = Debug|x64
		{2D115CF5-D3E8-42BB-B358-CAFA4234FAEA}.OutRead Debug|x64.Build.0 = Debug|x64
		{2D115CF5-D3E8-42BB-B358-CAFA4234FAEA}.OutRead Debug|x86.ActiveCfg = Debug|Win32
		{2D115CF5-D3E8-42BB-B358-CAFA4234FAEA}.OutRead Debug|x86.Build.0 = Debug|Win32
		{2D115CF5-D3E8-42BB-B358-CAFA4234FAEA}.Release|x64.ActiveCfg = Release|x64
		{2D115CF5-D3E8-42BB-B358-CAFA4234FAEA}.Release|x64.Build.0 = Release|x64
		{2D115CF5-D3E8-42BB-B358-CAFA4234FAEA}.Release|x86.ActiveCfg = Release|Win32
		{2D115CF5-D3E8-42BB-B358-CAFA4234FAEA}.Release|x86.Build.0 = Release|Win32
		{2D115CF5-D3E8-42BB-B358-CAFA4234FAEA}.Server Debug|x64.ActiveCfg = Debug|x64
		{2D115CF5-D3E8-42BB-B358-CAFA4234FAEA}.Server Debug|x64.Build.0 = Debug|x64
		{2D115CF5-D3E8-42BB-B358-CAFA4234FAEA}.Server Debug|x86.ActiveCfg = Debug|Win32
		{2D115CF5-D3E8-42BB-B358-CAFA4234FAEA}.Server Debug|x86.Build.0 = Debug|Win32
		{2D115CF5-D3E8-42BB-B358-CAFA4234FAEA}.Server Release|x64.ActiveCfg = Release|x64
		{2D115CF5-D3E8-42BB-B358-CAFA4234FAEA}.Server Release|x64.Build.0 = Release|x64
		{2D115CF5-D3E8-42BB-B358-CAFA4234FAEA}.Server Release|x86.ActiveCfg = Release|Win32
		{2D115CF5-D3E8-42BB-B358-CAFA4234FAEA}.Server Release|x86.Build.0 = Release|Win32
		{2D115CF5-D3E8-42BB-B358-CAFA4234FAEA}.Template|x64.ActiveCfg = Debug|x64
		{2D115CF5-D3E8-42BB-B358-CAFA4234FAEA}.Template|x64.Build.0 = Debug|x64
		{2D115CF5-D3E8-42BB-B358-CAFA4234FAEA}.Template|x86.ActiveCfg = Release|Win32
		{2D115CF5-D3E8-42BB-B358-CAFA4234FAEA}.Template|x86.Build.0 = Release|Win32
		{557BECA9-A1BC-4D6B-AE45-B5A4E82BABE5}.Client Debug|x64.ActiveCfg = Debug|x64
		{557BECA9-A1BC-4D6B-AE45-B5A4E82BABE5}.Client Debug|x64.Build.0 = Debug|x64
		{557BECA9-A1BC-4D6B-AE45-B5A4E82BABE5}.Client Debug|x86.ActiveCfg = Debug|Win32
		{557BECA9-A1BC-4D6B-AE45-B5A4E82BABE5}.Client Debug|x86.Build.0 = Debug|Win32
		{557BECA9-A1BC-4D6B-AE45-B5A4E82BABE5}.Client Release|x64.ActiveCfg = Release|x64
		{557BECA9-A1BC-4D6B-AE45-B5A4E82BABE5}.Client Release|x64.Build.0 = Release|x64
		{557BECA9-A1BC-4D6B-AE45-B5A4E82BABE5}.Client Release|x86.ActiveCfg = Release|Win32
		{557BECA9-A1BC-4D6B-AE45-B5A4E82BABE5}.Client Release|x86.Build.0 = Release|Win32
		{557BECA9-A1BC-4D6B-AE45-B5A4E82BABE5}.Debug|x64.ActiveCfg = Debug|x64
		{557BECA9-A1BC-4D6B-AE45-B5A4E82BABE5}.Debug|x64.Build.0 = Debug|x64
		{557BECA9-A1BC-4D6B-AE45-B5A4E82BABE5}.Debug|x86.ActiveCfg = Debug|Win32
		{557BECA9-A1BC-4D6B-AE45-B5A4E82BABE5}.Debug|x86.Build.0 = Debug|Win32
		{557BECA9-A1BC-4D6B-AE45-B5A4E82BABE5}.OuRead Release|x64.ActiveCfg = Release|x64
		{557BECA9-A1BC-4D6B-AE45-B5A4E82BABE5}.OuRead Release|x64.Build.0 = Release|x64
		{557BECA9-A1BC-4D6B-AE45-B5A4E82BABE5}.OuRead Release|x86.ActiveCfg = Release|Win32
		{557BECA9-A1BC-4D6B-AE45-B5A4E82BABE5}.OuRead Release|x86.Build.0 = Release|Win32
		{557BECA9-A1BC-4D6B-AE45-B5A4E82BABE5}.OutRead Debug|x64.ActiveCfg = Debug|x64
		{557BECA9-A1BC-4D6B-AE45-B5A4E82BABE5}.OutRead Debug|x64.Build.0 = Debug|x64
		{557BECA9-A1BC-4D6B-AE45-B5A4E82BABE5}.OutRead Debug|x86.ActiveCfg = Debug|Win32
		{557BECA9-A1BC-4D6B-AE45-B5A4E82BABE5}.OutRead Debug|x86.Build.0 = Debug|Win32
		{557BECA9-A1BC-4D6B-AE45-B5A4E82BABE5}.Release|x64.ActiveCfg = Release|x64
		{557BECA9-A1BC-4D6B-AE45-B5A4E82BABE5}.Release|x64.Build.0 = Release|x64
		{557BECA9-A1BC-4D6B-AE45-B5A4E82BABE5}.Release|x86.ActiveCfg = Release|Win32
		{557BECA9-A1BC-4D6B-AE45-B5A4E82BABE5}.Release|x86.Build.0 = Release|Win32
		{557BECA9-A1BC-4D6B-AE45-B5A4E82BABE5}.Server Debug|x64.ActiveCfg = Debug|x64
		{557BECA9-A1BC-4D6B-AE45-B5A4E82BABE5}.Server Debug|x64.Build.0 = Debug|x64
		{557BECA9-A1BC-4D6B-AE45-B5A4E82BABE5}.Server Debug|x86.ActiveCfg = Debug|Win32
		{557BECA9-A1BC-4D6B-AE45-B5A4E82BABE5}.Server Debug|x86.Build.0 = Debug|Win32
		{557BECA9-A1BC-4D6B-AE45-B5A4E82BABE5}.Server Release|x64.ActiveCfg = Release|x64
		{557BECA9-A1BC-4D6B-AE45-B5A4E82BABE5}.Server Release|x64.Build.0 = Release|x64
		{557BECA9-A1BC-4D6B-AE45-B5A4E82BABE5}.Server Release|x86.ActiveCfg = Release|Win32
		{557BECA9-A1BC-4D6B-AE45-B5A4E82BABE5}.Server Release|x86.Build.0 = Release|Win32
		{557BECA9-A1BC-4D6B-AE45-B5A4E82BABE5}.Template|x64.ActiveCfg = Template|x64
		{557BECA9-A1BC-4D6B-AE45-B5A4E82BABE5}.Template|x64.Build.0 = Template|x64
		{557BECA9-A1BC-4D6B-AE45-B5A4E82BABE5}.Template|x86.ActiveCfg = Template|Win32
		{557BECA9-A1BC-4D6B-AE45-B5A4E82BABE5}.Template|x86.Build.0 = Template|Win32
		{21319396-7368-4B17-A2D6-F9A78757A952}.Client Debug|x64.ActiveCfg = Client Debug|x64
		{21319396-7368-4B17-A2D6-F9A78757A952}.Client Debug|x64.Build.0 = Client Debug|x64
		{21319396-7368-4B17-A2D6-F9A78757A952}.Client Debug|x86.ActiveCfg = Client Debug|Win32
		{21319396-7368-4B17-A2D6-F9A78757A952}.Client Debug|x86.Build.0 = Client Debug|Win32
		{21319396-7368-4B17-A2D6-F9A78757A952}.Client Release|x64.ActiveCfg = Client Release|x64
		{21319396-7368-4B17-A2D6-F9A78757A952}.Client Release|x64.Build.0 = Client Release|x64
		{21319396-7368-4B17-A2D6-F9A78757A952}.Client Release|x86.ActiveCfg = Client Release|Win32
		{21319396-7368-4B17-A2D6-F9A78757A952}.Client Release|x86.Build.0 = Client Release|Win32
		{21319396-7368-4B17-A2D6-F9A78757A952}.Debug|x64.ActiveCfg = Client Debug|x64
		{21319396-7368-4B17-A2D6-F9A78757A952}.Debug|x64.Build.0 = Client Debug|x64
		{21319396-7368-4B17-A2D6-F9A78757A952}.Debug|x86.ActiveCfg = Server Debug|Win32
		{21319396-7368-4B17-A2D6-F9A78757A952}.Debug|x86.Build.0 = Server Debug|Win32
		{21319396-7368-4B17-A2D6-F9A78757A952}.OuRead Release|x64.ActiveCfg = Client Debug|x64
		{21319396-7368-4B17-A2D6-F9A78757A952}.OuRead Release|x64.Build.0 = Client Debug|x64
		{21319396-7368-4B17-A2D6-F9A78757A952}.OuRead Release|x86.ActiveCfg = Server Debug|Win32
		{21319396-7368-4B17-A2D6-F9A78757A952}.OuRead Release|x86.Build.0 = Server Debug|Win32
		{21319396-7368-4B17-A2D6-F9A78757A952}.OutRead Debug|x64.ActiveCfg = Client Debug|x64
		{21319396-7368-4B17-A2D6-F9A78757A952}.OutRead Debug|x64.Build.0 = Client Debug|x64
		{21319396-7368-4B17-A2D6-F9A78757A952}.OutRead Debug|x86.ActiveCfg = Server Debug|Win32
		{21319396-7368-4B17-A2D6-F9A78757A952}.OutRead Debug|x86.Build.0 = Server Debug|Win32
		{21319396-7368-4B17-A2D6-F9A78757A952}.Release|x64.ActiveCfg = Client Release|x64
		{21319396-7368-4B17-A2D6-F9A78757A952}.Release|x64.Build.0 = Client Release|x64
		{21319396-7368-4B17-A2D6-F9A78757A952}.Release|x86.ActiveCfg = Server Release|Win32
		{21319396-7368-4B17-A2D6-F9A78757A952}.Release|x86.Build.0 = Server Release|Win32
		{21319396-7368-4B17-A2D6-F9A78757A952}.Server Debug|x64.ActiveCfg = Server Debug|x64
		{21319396-7368-4B17-A2D6-F9A78757A952}.Server Debug|x64.Build.0 = Server Debug|x64
		{21319396-7368-4B17-A2D6-F9A78757A952}.Server Debug|x86.ActiveCfg = Server Debug|Win32
		{21319396-7368-4B17-A2D6-F9A78757A952}.Server Debug|x86.Build.0 = Server Debug|Win32
		{21319396-7368-4B17-A2D6-F9A78757A952}.Server Release|x64.ActiveCfg = Server Release|x64
		{21319396-7368-4B17-A2D6-F9A78757A952}.Server Release|x64.Build.0 = Server Release|x64
		{21319396-7368-4B17-A2D6-F9A78757A952}.Server Release|x86.ActiveCfg = Server Release|Win32
		{21319396-7368-4B17-A2D6-F9A78757A952}.Server Release|x86.Build.0 = Server Release|Win32
		{21319396-7368-4B17-A2D6-F9A78757A952}.Template|x64.ActiveCfg = Template|x64
		{21319396-7368-4B17-A2D6-F9A78757A952}.Template|x64.Build.0 = Template|x64
		{21319396-7368-4B17-A2D6-F9A78757A952}.Template|x86.ActiveCfg = Template|Win32
		{21319396-7368-4B17-A2D6-F9A78757A952}.Template|x86.Build.0 = Template|Win32
		{7EB42DD3-54E7-4664-88D6-8D7B0CCF025D}.Client Debug|x64.ActiveCfg = Debug|x64
		{7EB42DD3-54E7-4664-88D6-8D7B0CCF025D}.Client Debug|x64.Build.0 = Debug|x64
		{7EB42DD3-54E7-4664-88D6-8D7B0CCF025D}.Client Debug|x86.ActiveCfg = Debug|Win32
		{7EB42DD3-54E7-4664-88D6-8D7B0CCF025D}.Client Debug|x86.Build.0 = Debug|Win32
		{7EB42DD3-54E7-4664-88D6-8D7B0CCF025D}.Client Release|x64.ActiveCfg = Release|x64
		{7EB42DD3-54E7-4664-88D6-8D7B0CCF025D}.Client Release|x64.Build.0 = Release|x64
		{7EB42DD3-54E7-4664-88D6-8D7B0CCF025D}.Client Release|x86.ActiveCfg = Release|Win32
		{7EB42DD3-54E7-4664-88D6-8D7B0CCF025D}.Client Release|x86.Build.0 = Release|Win32
		{7EB42DD3-54E7-4664-88D6-8D7B0CCF025D}.Debug|x64.ActiveCfg = Debug|x64
		{7EB42DD3-54E7-4664-88D6-8D7B0CCF025D}.Debug|x64.Build.0 = Debug|x64
		{7EB42DD3-54E7-4664-88D6-8D7B0CCF025D}.Debug|x86.ActiveCfg = Debug|Win32
		{7EB42DD3-54E7-4664-88D6-8D7B0CCF025D}.Debug|x86.Build.0 = Debug|Win32
		{7EB42DD3-54E7-4664-88D6-8D7B0CCF025D}.OuRead Release|x64.ActiveCfg = OuRead Release|x64
		{7EB42DD3-54E7-4664-88D6-8D7B0CCF025D}.OuRead Release|x64.Build.0 = OuRead Release|x64
		{7EB42DD3-54E7-4664-88D6-8D7B0CCF025D}.OuRead Release|x86.ActiveCfg = OuRead Release|Win32
		{7EB42DD3-54E7-4664-88D6-8D7B0CCF025D}.OuRead Release|x86.Build.0 = OuRead Release|Win32
		{7EB42DD3-54E7-4664-88D6-8D7B0CCF025D}.OutRead Debug|x64.ActiveCfg = OutRead Debug|x64
		{7EB42DD3-54E7-4664-88D6-8D7B0CCF025D}.OutRead Debug|x64.Build.0 = OutRead Debug|x64
		{7EB42DD3-54E7-4664-88D6-8D7B0CCF025D}.OutRead Debug|x86.ActiveCfg = OutRead Debug|Win32
		{7EB42DD3-54E7-4664-88D6-8D7B0CCF025D}.OutRead Debug|x86.Build.0 = OutRead Debug|Win32
		{7EB42DD3-54E7-4664-88D6-8D7B0CCF025D}.Release|x64.ActiveCfg = Release|x64
		{7EB42DD3-54E7-4664-88D6-8D7B0CCF025D}.Release|x64.Build.0 = Release|x64
		{7EB42DD3-54E7-4664-88D6-8D7B0CCF025D}.Release|x86.ActiveCfg = Release|Win32
		{7EB42DD3-54E7-4664-88D6-8D7B0CCF025D}.Release|x86.Build.0 = Release|Win32
		{7EB42DD3-54E7-4664-88D6-8D7B0CCF025D}.Server Debug|x64.ActiveCfg = Debug|x64
		{7EB42DD3-54E7-4664-88D6-8D7B0CCF025D}.Server Debug|x64.Build.0 = Debug|x64
		{7EB42DD3-54E7-4664-88D6-8D7B0CCF025D}.Server Debug|x86.ActiveCfg = Debug|Win32
		{7EB42DD3-54E7-4664-88D6-8D7B0CCF025D}.Server Debug|x86.Build.0 = Debug|Win32
		{7EB42DD3-54E7-4664-88D6-8D7B0CCF025D}.Server Release|x64.ActiveCfg = Release|x64
		{7EB42DD3-54E7-4664-88D6-8D7B0CCF025D}.Server Release|x64.Build.0 = Release|x64
		{7EB42DD3-54E7-4664-88D6-8D7B0CCF025D}.Server Release|x86.ActiveCfg = Release|Win32
		{7EB42DD3-54E7-4664-88D6-8D7B0CCF025D}.Server Release|x86.Build.0 = Release|Win32
		{7EB42DD3-54E7-4664-88D6-8D7B0CCF025D}.Template|x64.ActiveCfg = Template|x64
		{7EB42DD3-54E7-4664-88D6-8D7B0CCF025D}.Template|x64.Build.0 = Template|x64
		{7EB42DD3-54E7-4664-88D6-8D7B0CCF025D}.Template|x86.ActiveCfg = Template|Win32
		{7EB42DD3-54E7-4664-88D6-8D7B0CCF025D}.Template|x86.Build.0 = Template|Win32
		{D930C8E5-C28C-43A9-8253-B29FC96697CD}.Client Debug|x64.ActiveCfg = Debug|x64
		{D930C8E5-C28C-43A9-8253-B29FC96697CD}.Client Debug|x64.Build.0 = Debug|x64
		{D930C8E5-C28C-43A9-8253-B29FC96697CD}.Client Debug|x86.ActiveCfg = Debug|Win32
		{D930C8E5-C28C-43A9-8253-B29FC96697CD}.Client Debug|x86.Build.0 = Debug|Win32
		{D930C8E5-C28C-43A9-8253-B29FC96697CD}.Client Release|x64.ActiveCfg = Release|x64
		{D930C8E5-C28C-43A9-8253-B29FC96697CD}.Client Release|x64.Build.0 = Release|x64
		{D930C8E5-C28C-43A9-8253-B29FC96697CD}.Client Release|x86.ActiveCfg = Release|Win32
		{D930C8E5-C28C-43A9-8253-B29FC96697CD}.Client Release|x86.Build.0 = Release|Win32
		{D930C8E5-C28C-43A9-8253-B29FC96697CD}.Debug|x64.ActiveCfg = Debug|x64
		{D930C8E5-C28C-43A9-8253-B29FC96697CD}.Debug|x64.Build.0 = Debug|x64
		{D930C8E5-C28C-43A9-8253-B29FC96697CD}.Debug|x86.ActiveCfg = Debug|Win32
		{D930C8E5-C28C-43A9-8253-B29FC96697CD}.Debug|x86.Build.0 = Debug|Win32
		{D930C8E5-C28C-43A9-8253-B29FC96697CD}.OuRead Release|x64.ActiveCfg = Release|x64
		{D930C8E5-C28C-43A9-8253-B29FC96697CD}.OuRead Release|x64.Build.0 = Release|x64
		{D930C8E5-C28C-43A9-8253-B29FC96697CD}.OuRead Release|x86.ActiveCfg = Release|Win32
		{D930C8E5-C28C-43A9-8253-B29FC96697CD}.OuRead Release|x86.Build.0 = Release|Win32
		{D930C8E5-C28C-43A9-8253-B29FC96697CD}.OutRead Debug|x64.ActiveCfg = Debug|x64
		{D930C8E5-C28C-43A9-8253-B29FC96697CD}.OutRead Debug|x64.Build.0 = Debug|x64
		{D930C8E5-C28C-43A9-8253-B29FC96697CD}.OutRead Debug|x86.ActiveCfg = Debug|Win32
		{D930C8E5-C28C-43A9-8253-B29FC96697CD}.OutRead Debug|x86.Build.0 = Debug|Win32
		{D930C8E5-C28C-43A9-8253-B29FC96697CD}.Release|x64.ActiveCfg = Release|x64
		{D930C8E5-C28C-43A9-8253-B29FC96697CD}.Release|x64.Build.0 = Release|x64
		{D930C8E5-C28C-43A9-8253-B29FC96697CD}.Release|x86.ActiveCfg = Release|Win32
		{D930C8E5-C28C-43A9-8253-B29FC96697CD}.Release|x86.Build.0 = Release|Win32
		{D930C8E5-C28C-43A9-8253-B29FC96697CD}.Server Debug|x64.ActiveCfg = Debug|x64
		{D930C8E5-C28C-43A9-8253-B29FC96697CD}.Server Debug|x64.Build.0 = Debug|x64
		{D930C8E5-C28C-43A9-8253-B29FC96697CD}.Server Debug|x86.ActiveCfg = Debug|Win32
		{D930C8E5-C28C-43A9-8253-B29FC96697CD}.Server Debug|x86.Build.0 = Debug|Win32
		{D930C8E5-C28C-43A9-8253-B29FC96697CD}.Server Release|x64.ActiveCfg = Release|x64
		{D930C8E5-C28C-43A9-8253-B29FC96697CD}.Server Release|x64.Build.0 = Release|x64
		{D930C8E5-C28C-43A9-8253-B29FC96697CD}.Server Release|x86.ActiveCfg = Release|Win32
		{D930C8E5-C28C-43A9-8253-B29FC96697CD}.Server Release|x86.Build.0 = Release|Win32
		{D930C8E5-C28C-43A9-8253-B29FC96697CD}.Template|x64.ActiveCfg = Template|x64
		{D930C8E5-C28C-43A9-8253-B29FC96697CD}.Template|x64.Build.0 = Template|x64
		{D930C8E5-C28C-43A9-8253-B29FC96697CD}.Template|x86.ActiveCfg = Template|Win32
		{D930C8E5-C28C-43A9-8253-B29FC96697CD}.Template|x86.Build.0 = Template|Win32
		{D3CDF3D5-F3D6-4182-9585-326AF323D7F0}.Client Debug|x64.ActiveCfg = Debug|x64
		{D3CDF3D5-F3D6-4182-9585-326AF323D7F0}.Client Debug|x64.Build.0 = Debug|x64
		{D3CDF3D5-F3D6-4182-9585-326AF323D7F0}.Client Debug|x86.ActiveCfg = Debug|Win32
		{D3CDF3D5-F3D6-4182-9585-326AF323D7F0}.Client Debug|x86.Build.0 = Debug|Win32
		{D3CDF3D5-F3D6-4182-9585-326AF323D7F0}.Client Release|x64.ActiveCfg = Release|x64
		{D3CDF3D5-F3D6-4182-9585-326AF323D7F0}.Client Release|x64.Build.0 = Release|x64
		{D3CDF3D5-F3D6-4182-9585-326AF323D7F0}.Client Release|x86.ActiveCfg = Release|Win32
		{D3CDF3D5-F3D6-4182-9585-326AF323D7F0}.Client Release|x86.Build.0 = Release|Win32
		{D3CDF3D5-F3D6-4182-9585-326AF323D7F0}.Debug|x64.ActiveCfg = Debug|x64
		{D3CDF3D5-F3D6-4182-9585-326AF323D7F0}.Debug|x64.Build.0 = Debug|x64
		{D3CDF3D5-F3D6-4182-9585-326AF323D7F0}.Debug|x86.ActiveCfg = Debug|Win32
		{D3CDF3D5-F3D6-4182-9585-326AF323D7F0}.Debug|x86.Build.0 = Debug|Win32
		{D3CDF3D5-F3D6-4182-9585-326AF323D7F0}.OuRead Release|x64.ActiveCfg = Release|x64
		{D3CDF3D5-F3D6-4182-9585-326AF323D7F0}.OuRead Release|x64.Build.0 = Release|x64
		{D3CDF3D5-F3D6-4182-9585-326AF323D7F0}.OuRead Release|x86.ActiveCfg = Release|Win32
		{D3CDF3D5-F3D6-4182-9585-326AF323D7F0}.OuRead Release|x86.Build.0 = Release|Win32
		{D3CDF3D5-F3D6-4182-9585-326AF323D7F0}.OutRead Debug|x64.ActiveCfg = Debug|x64
		{D3CDF3D5-F3D6-4182-9585-326AF323D7F0}.OutRead Debug|x64.Build.0 = Debug|x64
		{D3CDF3D5-F3D6-4182-9585-326AF323D7F0}.OutRead Debug|x86.ActiveCfg = Debug|Win32
		{D3CDF3D5-F3D6-4182-9585-326AF323D7F0}.OutRead Debug|x86.Build.0 = Debug|Win32
		{D3CDF3D5-F3D6-4182-9585-326AF323D7F0}.Release|x64.ActiveCfg = Release|x64
		{D3CDF3D5-F3D6-4182-9585-326AF323D7F0}.Release|x64.Build.0 = Release|x64
		{D3CDF3D5-F3D6-4182-9585-326AF323D7F0}.Release|x86.ActiveCfg = Release|Win32
		{D3CDF3D5-F3D6-4182-9585-326AF323D7F0}.Release|x86.Build.0 = Release|Win32
		{D3CDF3D5-F3D6-4182-9585-326AF323D7F0}.Server Debug|x64.ActiveCfg = Debug|x64
		{D3CDF3D5-F3D6-4182-9585-326AF323D7F0}.Server Debug|x64.Build.0 = Debug|x64
		{D3CDF3D5-F3D6-4182-9585-326AF323D7F0}.Server Debug|x86.ActiveCfg = Debug|Win32
		{D3CDF3D5-F3D6-4182-9585-326AF323D7F0}.Server Debug|x86.Build.0 = Debug|Win32
		{D3CDF3D5-F3D6-4182-9585-326AF323D7F0}.Server Release|x64.ActiveCfg = Release|x64
		{D3CDF3D5-F3D6-4182-9585-326AF323D7F0}.Server Release|x64.Build.0 = Release|x64
		{D3CDF3D5-F3D6-4182-9585-326AF323D7F0}.Server Release|x86.ActiveCfg = Release|Win32
		{D3CDF3D5-F3D6-4182-9585-326AF323D7F0}.Server Release|x86.Build.0 = Release|Win32
		{D3CDF3D5-F3D6-4182-9585-326AF323D7F0}.Template|x64.ActiveCfg = Template|x64
		{D3CDF3D5-F3D6-4182-9585-326AF323D7F0}.Template|x64.Build.0 = Template|x64
		{D3CDF3D5-F3D6-4182-9585-326AF323D7F0}.Template|x86.ActiveCfg = Template|Win32
		{D3CDF3D5-F3D6-4182-9585-326AF323D7F0}.Template|x86.Build.0 = Template|Win32
		{094B37BF-EA9E-41CB-BDFA-643AB3D90905}.Client Debug|x64.ActiveCfg = Debug|x64
		{094B37BF-EA9E-41CB-BDFA-643AB3D90905}.Client Debug|x64.Build.0 = Debug|x64
		{094B37BF-EA9E-41CB-BDFA-643AB3D90905}.Client Debug|x86.ActiveCfg = Debug|Win32
		{094B37BF-EA9E-41CB-BDFA-643AB3D90905}.Client Debug|x86.Build.0 = Debug|Win32
		{094B37BF-EA9E-41CB-BDFA-643AB3D90905}.Client Release|x64.ActiveCfg = Release|x64
		{094B37BF-EA9E-41CB-BDFA-643AB3D90905}.Client Release|x64.Build.0 = Release|x64
		{094B37BF-EA9E-41CB-BDFA-643AB3D90905}.Client Release|x86.ActiveCfg = Release|Win32
		{094B37BF-EA9E-41CB-BDFA-643AB3D90905}.Client Release|x86.Build.0 = Release|Win32
		{094B37BF-EA9E-41CB-BDFA-643AB3D90905}.Debug|x64.ActiveCfg = Debug|x64
		{094B37BF-EA9E-41CB-BDFA-643AB3D90905}.Debug|x64.Build.0 = Debug|x64
		{094B37BF-EA9E-41CB-BDFA-643AB3D90905}.Debug|x86.ActiveCfg = Debug|Win32
		{094B37BF-EA9E-41CB-BDFA-643AB3D90905}.Debug|x86.Build.0 = Debug|Win32
		{094B37BF-EA9E-41CB-BDFA-643AB3D90905}.OuRead Release|x64.ActiveCfg = Release|x64
		{094B37BF-EA9E-41CB-BDFA-643AB3D90905}.OuRead Release|x64.Build.0 = Release|x64
		{094B37BF-EA9E-41CB-BDFA-643AB3D90905}.OuRead Release|x86.ActiveCfg = Release|Win32
		{094B37BF-EA9E-41CB-BDFA-643AB3D90905}.OuRead Release|x86.Build.0 = Release|Win32
		{094B37BF-EA9E-41CB-BDFA-643AB3D90905}.OutRead Debug|x64.ActiveCfg = Debug|x64
		{094B37BF-EA9E-41CB-BDFA-643AB3D90905}.OutRead Debug|x64.Build.0 = Debug|x64
		{094B37BF-EA9E-41CB-BDFA-643AB3D90905}.OutRead Debug|x86.ActiveCfg = Debug|Win32
		{094B37BF-EA9E-41CB-BDFA-643AB3D90905}.OutRead Debug|x86.Build.0 = Debug|Win32
		{094B37BF-EA9E-41CB-BDFA-643AB3D90905}.Release|x64.ActiveCfg = Release|x64
		{094B37BF-EA9E-41CB-BDFA-643AB3D90905}.Release|x64.Build.0 = Release|x64
		{094B37BF-EA9E-41CB-BDFA-643AB3D90905}.Release|x86.ActiveCfg = Release|Win32
		{094B37BF-EA9E-41CB-BDFA-643AB3D90905}.Release|x86.Build.0 = Release|Win32
		{094B37BF-EA9E-41CB-BDFA-643AB3D90905}.Server Debug|x64.ActiveCfg = Debug|x64
		{094B37BF-EA9E-41CB-BDFA-643AB3D90905}.Server Debug|x64.Build.0 = Debug|x64
		{094B37BF-EA9E-41CB-BDFA-643AB3D90905}.Server Debug|x86.ActiveCfg = Debug|Win32
		{094B37BF-EA9E-41CB-BDFA-643AB3D90905}.Server Debug|x86.Build.0 = Debug|Win32
		{094B37BF-EA9E-41CB-BDFA-643AB3D90905}.Server Release|x64.ActiveCfg = Release|x64
		{094B37BF-EA9E-41CB-BDFA-643AB3D90905}.Server Release|x64.Build.0 = Release|x64
		{094B37BF-EA9E-41CB-BDFA-643AB3D90905}.Server Release|x86.ActiveCfg = Release|Win32
		{094B37BF-EA9E-41CB-BDFA-643AB3D90905}.Server Release|x86.Build.0 = Release|Win32
		{094B37BF-EA9E-41CB-BDFA-643AB3D90905}.Template|x64.ActiveCfg = Template|x64
		{094B37BF-EA9E-41CB-BDFA-643AB3D90905}.Template|x64.Build.0 = Template|x64
		{094B37BF-EA9E-41CB-BDFA-643AB3D90905}.Template|x86.ActiveCfg = Template|Win32
		{094B37BF-EA9E-41CB-BDFA-643AB3D90905}.Template|x86.Build.0 = Template|Win32
		{D9B8DDEA-C6FB-4E14-8B1B-5A36EA400EC9}.Client Debug|x64.ActiveCfg = Debug|x64
		{D9B8DDEA-C6FB-4E14-8B1B-5A36EA400EC9}.Client Debug|x64.Build.0 = Debug|x64
		{D9B8DDEA-C6FB-4E14-8B1B-5A36EA400EC9}.Client Debug|x86.ActiveCfg = Debug|Win32
		{D9B8DDEA-C6FB-4E14-8B1B-5A36EA400EC9}.Client Debug|x86.Build.0 = Debug|Win32
		{D9B8DDEA-C6FB-4E14-8B1B-5A36EA400EC9}.Client Release|x64.ActiveCfg = Release|x64
		{D9B8DDEA-C6FB-4E14-8B1B-5A36EA400EC9}.Client Release|x64.Build.0 = Release|x64
		{D9B8DDEA-C6FB-4E14-8B1B-5A36EA400EC9}.Client Release|x86.ActiveCfg = Release|Win32
		{D9B8DDEA-C6FB-4E14-8B1B-5A36EA400EC9}.Client Release|x86.Build.0 = Release|Win32
		{D9B8DDEA-C6FB-4E14-8B1B-5A36EA400EC9}.Debug|x64.ActiveCfg = Debug|x64
		{D9B8DDEA-C6FB-4E14-8B1B-5A36EA400EC9}.Debug|x64.Build.0 = Debug|x64
		{D9B8DDEA-C6FB-4E14-8B1B-5A36EA400EC9}.Debug|x86.ActiveCfg = Debug|Win32
		{D9B8DDEA-C6FB-4E14-8B1B-5A36EA400EC9}.Debug|x86.Build.0 = Debug|Win32
		{D9B8DDEA-C6FB-4E14-8B1B-5A36EA400EC9}.OuRead Release|x64.ActiveCfg = Release|x64
		{D9B8DDEA-C6FB-4E14-8B1B-5A36EA400EC9}.OuRead Release|x64.Build.0 = Release|x64
		{D9B8DDEA-C6FB-4E14-8B1B-5A36EA400EC9}.OuRead Release|x86.ActiveCfg = Release|Win32
		{D9B8DDEA-C6FB-4E14-8B1B-5A36EA400EC9}.OuRead Release|x86.Build.0 = Release|Win32
		{D9B8DDEA-C6FB-4E14-8B1B-5A36EA400EC9}.OutRead Debug|x64.ActiveCfg = Debug|x64
		{D9B8DDEA-C6FB-4E14-8B1B-5A36EA400EC9}.OutRead Debug|x64.Build.0 = Debug|x64
		{D9B8DDEA-C6FB-4E14-8B1B-5A36EA400EC9}.OutRead Debug|x86.ActiveCfg = Debug|Win32
		{D9B8DDEA-C6FB-4E14-8B1B-5A36EA400EC9}.OutRead Debug|x86.Build.0 = Debug|Win32
		{D9B8DDEA-C6FB-4E14-8B1B-5A36EA400EC9}.Release|x64.ActiveCfg = Release|x64
		{D9B8DDEA-C6FB-4E14-8B1B-5A36EA400EC9}.Release|x64.Build.0 = Release|x64
		{D9B8DDEA-C6FB-4E14-8B1B-5A36EA400EC9}.Release|x86.ActiveCfg = Release|Win32
		{D9B8DDEA-C6FB-4E14-8B1B-5A36EA400EC9}.Release|x86.Build.0 = Release|Win32
		{D9B8DDEA-C6FB-4E14-8B1B-5A36EA400EC9}.Server Debug|x64.ActiveCfg = Debug|x64
		{D9B8DDEA-C6FB-4E14-8B1B-5A36EA400EC9}.Server Debug|x64.Build.0 = Debug|x64
		{D9B8DDEA-C6FB-4E14-8B1B-5A36EA400EC9}.Server Debug|x86.ActiveCfg = Debug|Win32
		{D9B8DDEA-C6FB-4E14-8B1B-5A36EA400EC9}.Server Debug|x86.Build.0 = Debug|Win32
		{D9B8DDEA-C6FB-4E14-8B1B-5A36EA400EC9}.Server Release|x64.ActiveCfg = Release|x64
		{D9B8DDEA-C6FB-4E14-8B1B-5A36EA400EC9}.Server Release|x64.Build.0 = Release|x64
		{D9B8DDEA-C6FB-4E14-8B1B-5A36EA400EC9}.Server Release|x86.ActiveCfg = Release|Win32
		{D9B8DDEA-C6FB-4E14-8B1B-5A36EA400EC9}.Server Release|x86.Build.0 = Release|Win32
		{D9B8DDEA-C6FB-4E14-8B1B-5A36EA400EC9}.Template|x64.ActiveCfg = Template|x64
		{D9B8DDEA-C6FB-4E14-8B1B-5A36EA400EC9}.Template|x64.Build.0 = Template|x64
		{D9B8DDEA-C6FB-4E14-8B1B-5A36EA400EC9}.Template|x86.ActiveCfg = Template|Win32
		{D9B8DDEA-C6FB-4E14-8B1B-5A36EA400EC9}.Template|x86.Build.0 = Template|Win32
		{6E568AE3-3675-40E6-965D-FFA8ECA300D4}.Client Debug|x64.ActiveCfg = Debug|x64
		{6E568AE3-3675-40E6-965D-FFA8ECA300D4}.Client Debug|x64.Build.0 = Debug|x64
		{6E568AE3-3675-40E6-965D-FFA8ECA300D4}.Client Debug|x86.ActiveCfg = Debug|Win32
		{6E568AE3-3675-40E6-965D-FFA8ECA300D4}.Client Debug|x86.Build.0 = Debug|Win32
		{6E568AE3-3675-40E6-965D-FFA8ECA300D4}.Client Release|x64.ActiveCfg = Release|x64
		{6E568AE3-3675-40E6-965D-FFA8ECA300D4}.Client Release|x64.Build.0 = Release|x64
		{6E568AE3-3675-40E6-965D-FFA8ECA300D4}.Client Release|x86.ActiveCfg = Release|Win32
		{6E568AE3-3675-40E6-965D-FFA8ECA300D4}.Client Release|x86.Build.0 = Release|Win32
		{6E568AE3-3675-40E6-965D-FFA8ECA300D4}.Debug|x64.ActiveCfg = Debug|x64
		{6E568AE3-3675-40E6-965D-FFA8ECA300D4}.Debug|x64.Build.0 = Debug|x64
		{6E568AE3-3675-40E6-965D-FFA8ECA300D4}.Debug|x86.ActiveCfg = Debug|Win32
		{6E568AE3-3675-40E6-965D-FFA8ECA300D4}.Debug|x86.Build.0 = Debug|Win32
		{6E568AE3-3675-40E6-965D-FFA8ECA300D4}.OuRead Release|x64.ActiveCfg = Release|x64
		{6E568AE3-3675-40E6-965D-FFA8ECA300D4}.OuRead Release|x64.Build.0 = Release|x64
		{6E568AE3-3675-40E6-965D-FFA8ECA300D4}.OuRead Release|x86.ActiveCfg = Release|Win32
		{6E568AE3-3675-40E6-965D-FFA8ECA300D4}.OuRead Release|x86.Build.0 = Release|Win32
		{6E568AE3-3675-40E6-965D-FFA8ECA300D4}.OutRead Debug|x64.ActiveCfg = Debug|x64
		{6E568AE3-3675-40E6-965D-FFA8ECA300D4}.OutRead Debug|x64.Build.0 = Debug|x64
		{6E568AE3-3675-40E6-965D-FFA8ECA300D4}.OutRead Debug|x86.ActiveCfg = Debug|Win32
		{6E568AE3-3675-40E6-965D-FFA8ECA300D4}.OutRead Debug|x86.Build.0 = Debug|Win32
		{6E568AE3-3675-40E6-965D-FFA8ECA300D4}.Release|x64.ActiveCfg = Release|x64
		{6E568AE3-3675-40E6-965D-FFA8ECA300D4}.Release|x64.Build.0 = Release|x64
		{6E568AE3-3675-40E6-965D-FFA8ECA300D4}.Release|x86.ActiveCfg = Release|Win32
		{6E568AE3-3675-40E6-965D-FFA8ECA300D4}.Release|x86.Build.0 = Release|Win32
		{6E568AE3-3675-40E6-965D-FFA8ECA300D4}.Server Debug|x64.ActiveCfg = Debug|x64
		{6E568AE3-3675-40E6-965D-FFA8ECA300D4}.Server Debug|x64.Build.0 = Debug|x64
		{6E568AE3-3675-40E6-965D-FFA8ECA300D4}.Server Debug|x86.ActiveCfg = Debug|Win32
		{6E568AE3-3675-40E6-965D-FFA8ECA300D4}.Server Debug|x86.Build.0 = Debug|Win32
		{6E568AE3-3675-40E6-965D-FFA8ECA300D4}.Server Release|x64.ActiveCfg = Release|x64
		{6E568AE3-3675-40E6-965D-FFA8ECA300D4}.Server Release|x64.Build.0 = Release|x64
		{6E568AE3-3675-40E6-965D-FFA8ECA300D4}.Server Release|x86.ActiveCfg = Release|Win32
		{6E568AE3-3675-40E6-965D-FFA8ECA300D4}.Server Release|x86.Build.0 = Release|Win32
		{6E568AE3-3675-40E6-965D-FFA8ECA300D4}.Template|x64.ActiveCfg = Template|x64
		{6E568AE3-3675-40E6-965D-FFA8ECA300D4}.Template|x64.Build.0 = Template|x64
		{6E568AE3-3675-40E6-965D-FFA8ECA300D4}.Template|x86.ActiveCfg = Template|Win32
		{6E568AE3-3675-40E6-965D-FFA8ECA300D4}.Template|x86.Build.0 = Template|Win32
		{43AC2EA7-DCCE-4822-8407-86D6620F4D4B}.Client Debug|x64.ActiveCfg = Debug|x64
		{43AC2EA7-DCCE-4822-8407-86D6620F4D4B}.Client Debug|x64.Build.0 = Debug|x64
		{43AC2EA7-DCCE-4822-8407-86D6620F4D4B}.Client Debug|x86.ActiveCfg = Debug|Win32
		{43AC2EA7-DCCE-4822-8407-86D6620F4D4B}.Client Debug|x86.Build.0 = Debug|Win32
		{43AC2EA7-DCCE-4822-8407-86D6620F4D4B}.Client Release|x64.ActiveCfg = Release|x64
		{43AC2EA7-DCCE-4822-8407-86D6620F4D4B}.Client Release|x64.Build.0 = Release|x64
		{43AC2EA7-DCCE-4822-8407-86D6620F4D4B}.Client Release|x86.ActiveCfg = Release|Win32
		{43AC2EA7-DCCE-4822-8407-86D6620F4D4B}.Client Release|x86.Build.0 = Release|Win32
		{43AC2EA7-DCCE-4822-8407-86D6620F4D4B}.Debug|x64.ActiveCfg = Debug|x64
		{43AC2EA7-DCCE-4822-8407-86D6620F4D4B}.Debug|x64.Build.0 = Debug|x64
		{43AC2EA7-DCCE-4822-8407-86D6620F4D4B}.Debug|x86.ActiveCfg = Debug|Win32
		{43AC2EA7-DCCE-4822-8407-86D6620F4D4B}.Debug|x86.Build.0 = Debug|Win32
		{43AC2EA7-DCCE-4822-8407-86D6620F4D4B}.OuRead Release|x64.ActiveCfg = Release|x64
		{43AC2EA7-DCCE-4822-8407-86D6620F4D4B}.OuRead Release|x64.Build.0 = Release|x64
		{43AC2EA7-DCCE-4822-8407-86D6620F4D4B}.OuRead Release|x86.ActiveCfg = Release|Win32
		{43AC2EA7-DCCE-4822-8407-86D6620F4D4B}.OuRead Release|x86.Build.0 = Release|Win32
		{43AC2EA7-DCCE-4822-8407-86D6620F4D4B}.OutRead Debug|x64.ActiveCfg = Debug|x64
		{43AC2EA7-DCCE-4822-8407-86D6620F4D4B}.OutRead Debug|x64.Build.0 = Debug|x64
		{43AC2EA7-DCCE-4822-8407-86D6620F4D4B}.OutRead Debug|x86.ActiveCfg = Debug|Win32
		{43AC2EA7-DCCE-4822-8407-86D6620F4D4B}.OutRead Debug|x86.Build.0 = Debug|Win32
		{43AC2EA7-DCCE-4822-8407-86D6620F4D4B}.Release|x64.ActiveCfg = Release|x64
		{43AC2EA7-DCCE-4822-8407-86D6620F4D4B}.Release|x64.Build.0 = Release|x64
		{43AC2EA7-DCCE-4822-8407-86D6620F4D4B}.Release|x86.ActiveCfg = Release|Win32
		{43AC2EA7-DCCE-4822-8407-86D6620F4D4B}.Release|x86.Build.0 = Release|Win32
		{43AC2EA7-DCCE-4822-8407-86D6620F4D4B}.Server Debug|x64.ActiveCfg = Debug|x64
		{43AC2EA7-DCCE-4822-8407-86D6620F4D4B}.Server Debug|x64.Build.0 = Debug|x64
		{43AC2EA7-DCCE-4822-8407-86D6620F4D4B}.Server Debug|x86.ActiveCfg = Debug|Win32
		{43AC2EA7-DCCE-4822-8407-86D6620F4D4B}.Server Debug|x86.Build.0 = Debug|Win32
		{43AC2EA7-DCCE-4822-8407-86D6620F4D4B}.Server Release|x64.ActiveCfg = Release|x64
		{43AC2EA7-DCCE-4822-8407-86D6620F4D4B}.Server Release|x64.Build.0 = Release|x64
		{43AC2EA7-DCCE-4822-8407-86D6620F4D4B}.Server Release|x86.ActiveCfg = Release|Win32
		{43AC2EA7-DCCE-4822-8407-86D6620F4D4B}.Server Release|x86.Build.0 = Release|Win32
		{43AC2EA7-DCCE-4822-8407-86D6620F4D4B}.Template|x64.ActiveCfg = Template|x64
		{43AC2EA7-DCCE-4822-8407-86D6620F4D4B}.Template|x64.Build.0 = Template|x64
		{43AC2EA7-DCCE-4822-8407-86D6620F4D4B}.Template|x86.ActiveCfg = Template|Win32
		{43AC2EA7-DCCE-4822-8407-86D6620F4D4B}.Template|x86.Build.0 = Template|Win32
		{59B45CFE-36B8-48B2-850A-C194EAEAA8D1}.Client Debug|x64.ActiveCfg = Debug|x64
		{59B45CFE-36B8-48B2-850A-C194EAEAA8D1}.Client Debug|x64.Build.0 = Debug|x64
		{59B45CFE-36B8-48B2-850A-C194EAEAA8D1}.Client Debug|x86.ActiveCfg = Debug|Win32
		{59B45CFE-36B8-48B2-850A-C194EAEAA8D1}.Client Debug|x86.Build.0 = Debug|Win32
		{59B45CFE-36B8-48B2-850A-C194EAEAA8D1}.Client Release|x64.ActiveCfg = Release|x64
		{59B45CFE-36B8-48B2-850A-C194EAEAA8D1}.Client Release|x64.Build.0 = Release|x64
		{59B45CFE-36B8-48B2-850A-C194EAEAA8D1}.Client Release|x86.ActiveCfg = Release|Win32
		{59B45CFE-36B8-48B2-850A-C194EAEAA8D1}.Client Release|x86.Build.0 = Release|Win32
		{59B45CFE-36B8-48B2-850A-C194EAEAA8D1}.Debug|x64.ActiveCfg = Debug|x64
		{59B45CFE-36B8-48B2-850A-C194EAEAA8D1}.Debug|x64.Build.0 = Debug|x64
		{59B45CFE-36B8-48B2-850A-C194EAEAA8D1}.Debug|x86.ActiveCfg = Debug|Win32
		{59B45CFE-36B8-48B2-850A-C194EAEAA8D1}.Debug|x86.Build.0 = Debug|Win32
		{59B45CFE-36B8-48B2-850A-C194EAEAA8D1}.OuRead Release|x64.ActiveCfg = Release|x64
		{59B45CFE-36B8-48B2-850A-C194EAEAA8D1}.OuRead Release|x64.Build.0 = Release|x64
		{59B45CFE-36B8-48B2-850A-C194EAEAA8D1}.OuRead Release|x86.ActiveCfg = Release|Win32
		{59B45CFE-36B8-48B2-850A-C194EAEAA8D1}.OuRead Release|x86.Build.0 = Release|Win32
		{59B45CFE-36B8-48B2-850A-C194EAEAA8D1}.OutRead Debug|x64.ActiveCfg = Debug|x64
		{59B45CFE-36B8-48B2-850A-C194EAEAA8D1}.OutRead Debug|x64.Build.0 = Debug|x64
		{59B45CFE-36B8-48B2-850A-C194EAEAA8D1}.OutRead Debug|x86.ActiveCfg = Debug|Win32
		{59B45CFE-36B8-48B2-850A-C194EAEAA8D1}.OutRead Debug|x86.Build.0 = Debug|Win32
		{59B45CFE-36B8-48B2-850A-C194EAEAA8D1}.Release|x64.ActiveCfg = Release|x64
		{59B45CFE-36B8-48B2-850A-C194EAEAA8D1}.Release|x64.Build.0 = Release|x64
		{59B45CFE-36B8-48B2-850A-C194EAEAA8D1}.Release|x86.ActiveCfg = Release|Win32
		{59B45CFE-36B8-48B2-850A-C194EAEAA8D1}.Release|x86.Build.0 = Release|Win32
		{59B45CFE-36B8-48B2-850A-C194EAEAA8D1}.Server Debug|x64.ActiveCfg = Debug|x64
		{59B45CFE-36B8-48B2-850A-C194EAEAA8D1}.Server Debug|x64.Build.0 = Debug|x64
		{59B45CFE-36B8-48B2-850A-C194EAEAA8D1}.Server Debug|x86.ActiveCfg = Debug|Win32
		{59B45CFE-36B8-48B2-850A-C194EAEAA8D1}.Server Debug|x86.Build.0 = Debug|Win32
		{59B45CFE-36B8-48B2-850A-C194EAEAA8D1}.Server Release|x64.ActiveCfg = Release|x64
		{59B45CFE-36B8-48B2-850A-C194EAEAA8D1}.Server Release|x64.Build.0 = Release|x64
		{59B45CFE-36B8-48B2-850A-C194EAEAA8D1}.Server Release|x86.ActiveCfg = Release|Win32
		{59B45CFE-36B8-48B2-850A-C194EAEAA8D1}.Server Release|x86.Build.0 = Release|Win32
		{59B45CFE-36B8-48B2-850A-C194EAEAA8D1}.Template|x64.ActiveCfg = Template|x64
		{59B45CFE-36B8-48B2-850A-C194EAEAA8D1}.Template|x64.Build.0 = Template|x64
		{59B45CFE-36B8-48B2-850A-C194EAEAA8D1}.Template|x86.ActiveCfg = Template|Win32
		{59B45CFE-36B8-48B2-850A-C194EAEAA8D1}.Template|x86.Build.0 = Template|Win32
		{E37A89F4-5454-4024-A2CC-D489AE0B29D9}.Client Debug|x64.ActiveCfg = Debug|x64
		{E37A89F4-5454-4024-A2CC-D489AE0B29D9}.Client Debug|x64.Build.0 = Debug|x64
		{E37A89F4-5454-4024-A2CC-D489AE0B29D9}.Client Debug|x86.ActiveCfg = Debug|Win32
		{E37A89F4-5454-4024-A2CC-D489AE0B29D9}.Client Debug|x86.Build.0 = Debug|Win32
		{E37A89F4-5454-4024-A2CC-D489AE0B29D9}.Client Release|x64.ActiveCfg = Release|x64
		{E37A89F4-5454-4024-A2CC-D489AE0B29D9}.Client Release|x64.Build.0 = Release|x64
		{E37A89F4-5454-4024-A2CC-D489AE0B29D9}.Client Release|x86.ActiveCfg = Release|Win32
		{E37A89F4-5454-4024-A2CC-D489AE0B29D9}.Client Release|x86.Build.0 = Release|Win32
		{E37A89F4-5454-4024-A2CC-D489AE0B29D9}.Debug|x64.ActiveCfg = Debug|x64
		{E37A89F4-5454-4024-A2CC-D489AE0B29D9}.Debug|x64.Build.0 = Debug|x64
		{E37A89F4-5454-4024-A2CC-D489AE0B29D9}.Debug|x86.ActiveCfg = Debug|Win32
		{E37A89F4-5454-4024-A2CC-D489AE0B29D9}.Debug|x86.Build.0 = Debug|Win32
		{E37A89F4-5454-4024-A2CC-D489AE0B29D9}.OuRead Release|x64.ActiveCfg = Release|x64
		{E37A89F4-5454-4024-A2CC-D489AE0B29D9}.OuRead Release|x64.Build.0 = Release|x64
		{E37A89F4-5454-4024-A2CC-D489AE0B29D9}.OuRead Release|x86.ActiveCfg = Release|Win32
		{E37A89F4-5454-4024-A2CC-D489AE0B29D9}.OuRead Release|x86.Build.0 = Release|Win32
		{E37A89F4-5454-4024-A2CC-D489AE0B29D9}.OutRead Debug|x64.ActiveCfg = Debug|x64
		{E37A89F4-5454-4024-A2CC-D489AE0B29D9}.OutRead Debug|x64.Build.0 = Debug|x64
		{E37A89F4-5454-4024-A2CC-D489AE0B29D9}.OutRead Debug|x86.ActiveCfg = Debug|Win32
		{E37A89F4-5454-4024-A2CC-D489AE0B29D9}.OutRead Debug|x86.Build.0 = Debug|Win32
		{E37A89F4-5454-4024-A2CC-D489AE0B29D9}.Release|x64.ActiveCfg = Release|x64
		{E37A89F4-5454-4024-A2CC-D489AE0B29D9}.Release|x64.Build.0 = Release|x64
		{E37A89F4-5454-4024-A2CC-D489AE0B29D9}.Release|x86.ActiveCfg = Release|Win32
		{E37A89F4-5454-4024-A2CC-D489AE0B29D9}.Release|x86.Build.0 = Release|Win32
		{E37A89F4-5454-4024-A2CC-D489AE0B29D9}.Server Debug|x64.ActiveCfg = Debug|x64
		{E37A89F4-5454-4024-A2CC-D489AE0B29D9}.Server Debug|x64.Build.0 = Debug|x64
		{E37A89F4-5454-4024-A2CC-D489AE0B29D9}.Server Debug|x86.ActiveCfg = Debug|Win32
		{E37A89F4-5454-4024-A2CC-D489AE0B29D9}.Server Debug|x86.Build.0 = Debug|Win32
		{E37A89F4-5454-4024-A2CC-D489AE0B29D9}.Server Release|x64.ActiveCfg = Release|x64
		{E37A89F4-5454-4024-A2CC-D489AE0B29D9}.Server Release|x64.Build.0 = Release|x64
		{E37A89F4-5454-4024-A2CC-D489AE0B29D9}.Server Release|x86.ActiveCfg = Release|Win32
		{E37A89F4-5454-4024-A2CC-D489AE0B29D9}.Server Release|x86.Build.0 = Release|Win32
		{E37A89F4-5454-4024-A2CC-D489AE0B29D9}.Template|x64.ActiveCfg = Template|x64
		{E37A89F4-5454-4024-A2CC-D489AE0B29D9}.Template|x64.Build.0 = Template|x64
		{E37A89F4-5454-4024-A2CC-D489AE0B29D9}.Template|x86.ActiveCfg = Template|Win32
		{E37A89F4-5454-4024-A2CC-D489AE0B29D9}.Template|x86.Build.0 = Template|Win32
		{4C3696A5-EB3B-4C49-BB9E-2A78FB52AA46}.Client Debug|x64.ActiveCfg = Debug|x64
		{4C3696A5-EB3B-4C49-BB9E-2A78FB52AA46}.Client Debug|x64.Build.0 = Debug|x64
		{4C3696A5-EB3B-4C49-BB9E-2A78FB52AA46}.Client Debug|x86.ActiveCfg = Debug|Win32
		{4C3696A5-EB3B-4C49-BB9E-2A78FB52AA46}.Client Debug|x86.Build.0 = Debug|Win32
		{4C3696A5-EB3B-4C49-BB9E-2A78FB52AA46}.Client Release|x64.ActiveCfg = Release|x64
		{4C3696A5-EB3B-4C49-BB9E-2A78FB52AA46}.Client Release|x64.Build.0 = Release|x64
		{4C3696A5-EB3B-4C49-BB9E-2A78FB52AA46}.Client Release|x86.ActiveCfg = Release|Win32
		{4C3696A5-EB3B-4C49-BB9E-2A78FB52AA46}.Client Release|x86.Build.0 = Release|Win32
		{4C3696A5-EB3B-4C49-BB9E-2A78FB52AA46}.Debug|x64.ActiveCfg = Debug|x64
		{4C3696A5-EB3B-4C49-BB9E-2A78FB52AA46}.Debug|x64.Build.0 = Debug|x64
		{4C3696A5-EB3B-4C49-BB9E-2A78FB52AA46}.Debug|x86.ActiveCfg = Debug|Win32
		{4C3696A5-EB3B-4C49-BB9E-2A78FB52AA46}.Debug|x86.Build.0 = Debug|Win32
		{4C3696A5-EB3B-4C49-BB9E-2A78FB52AA46}.OuRead Release|x64.ActiveCfg = Release|x64
		{4C3696A5-EB3B-4C49-BB9E-2A78FB52AA46}.OuRead Release|x64.Build.0 = Release|x64
		{4C3696A5-EB3B-4C49-BB9E-2A78FB52AA46}.OuRead Release|x86.ActiveCfg = Release|Win32
		{4C3696A5-EB3B-4C49-BB9E-2A78FB52AA46}.OuRead Release|x86.Build.0 = Release|Win32
		{4C3696A5-EB3B-4C49-BB9E-2A78FB52AA46}.OutRead Debug|x64.ActiveCfg = Debug|x64
		{4C3696A5-EB3B-4C49-BB9E-2A78FB52AA46}.OutRead Debug|x64.Build.0 = Debug|x64
		{4C3696A5-EB3B-4C49-BB9E-2A78FB52AA46}.OutRead Debug|x86.ActiveCfg = Debug|Win32
		{4C3696A5-EB3B-4C49-BB9E-2A78FB52AA46}.OutRead Debug|x86.Build.0 = Debug|Win32
		{4C3696A5-EB3B-4C49-BB9E-2A78FB52AA46}.Release|x64.ActiveCfg = Release|x64
		{4C3696A5-EB3B-4C49-BB9E-2A78FB52AA46}.Release|x64.Build.0 = Release|x64
		{4C3696A5-EB3B-4C49-BB9E-2A78FB52AA46}.Release|x86.ActiveCfg = Release|Win32
		{4C3696A5-EB3B-4C49-BB9E-2A78FB52AA46}.Release|x86.Build.0 = Release|Win32
		{4C3696A5-EB3B-4C49-BB9E-2A78FB52AA46}.Server Debug|x64.ActiveCfg = Debug|x64
		{4C3696A5-EB3B-4C49-BB9E-2A78FB52AA46}.Server Debug|x64.Build.0 = Debug|x64
		{4C3696A5-EB3B-4C49-BB9E-2A78FB52AA46}.Server Debug|x86.ActiveCfg = Debug|Win32
		{4C3696A5-EB3B-4C49-BB9E-2A78FB52AA46}.Server Debug|x86.Build.0 = Debug|Win32
		{4C3696A5-EB3B-4C49-BB9E-2A78FB52AA46}.Server Release|x64.ActiveCfg = Release|x64
		{4C3696A5-EB3B-4C49-BB9E-2A78FB52AA46}.Server Release|x64.Build.0 = Release|x64
		{4C3696A5-EB3B-4C49-BB9E-2A78FB52AA46}.Server Release|x86.ActiveCfg = Release|Win32
		{4C3696A5-EB3B-4C49-BB9E-2A78FB52AA46}.Server Release|x86.Build.0 = Release|Win32
		{4C3696A5-EB3B-4C49-BB9E-2A78FB52AA46}.Template|x64.ActiveCfg = Template|x64
		{4C3696A5-EB3B-4C49-BB9E-2A78FB52AA46}.Template|x64.Build.0 = Template|x64
		{4C3696A5-EB3B-4C49-BB9E-2A78FB52AA46}.Template|x86.ActiveCfg = Template|Win32
		{4C3696A5-EB3B-4C49-BB9E-2A78FB52AA46}.Template|x86.Build.0 = Template|Win32
		{9E10D71D-8FB1-464C-A217-D0882A749732}.Client Debug|x64.ActiveCfg = Debug|x64
		{9E10D71D-8FB1-464C-A217-D0882A749732}.Client Debug|x64.Build.0 = Debug|x64
		{9E10D71D-8FB1-464C-A217-D0882A749732}.Client Debug|x86.ActiveCfg = Debug|Win32
		{9E10D71D-8FB1-464C-A217-D0882A749732}.Client Debug|x86.Build.0 = Debug|Win32
		{9E10D71D-8FB1-464C-A217-D0882A749732}.Client Release|x64.ActiveCfg = Release|x64
		{9E10D71D-8FB1-464C-A217-D0882A749732}.Client Release|x64.Build.0 = Release|x64
		{9E10D71D-8FB1-464C-A217-D0882A749732}.Client Release|x86.ActiveCfg = Release|Win32
		{9E10D71D-8FB1-464C-A217-D0882A749732}.Client Release|x86.Build.0 = Release|Win32
		{9E10D71D-8FB1-464C-A217-D0882A749732}.Debug|x64.ActiveCfg = Debug|x64
		{9E10D71D-8FB1-464C-A217-D0882A749732}.Debug|x64.Build.0 = Debug|x64
		{9E10D71D-8FB1-464C-A217-D0882A749732}.Debug|x86.ActiveCfg = Debug|Win32
		{9E10D71D-8FB1-464C-A217-D0882A749732}.Debug|x86.Build.0 = Debug|Win32
		{9E10D71D-8FB1-464C-A217-D0882A749732}.OuRead Release|x64.ActiveCfg = Release|x64
		{9E10D71D-8FB1-464C-A217-D0882A749732}.OuRead Release|x64.Build.0 = Release|x64
		{9E10D71D-8FB1-464C-A217-D0882A749732}.OuRead Release|x86.ActiveCfg = Release|Win32
		{9E10D71D-8FB1-464C-A217-D0882A749732}.OuRead Release|x86.Build.0 = Release|Win32
		{9E10D71D-8FB1-464C-A217-D0882A749732}.OutRead Debug|x64.ActiveCfg = Debug|x64
		{9E10D71D-8FB1-464C-A217-D0882A749732}.OutRead Debug|x64.Build.0 = Debug|x64
		{9E10D71D-8FB1-464C-A217-D0882A749732}.OutRead Debug|x86.ActiveCfg = Debug|Win32
		{9E10D71D-8FB1-464C-A217-D0882A749732}.OutRead Debug|x86.Build.0 = Debug|Win32
		{9E10D71D-8FB1-464C-A217-D0882A749732}.Release|x64.ActiveCfg = Release|x64
		{9E10D71D-8FB1-464C-A217-D0882A749732}.Release|x64.Build.0 = Release|x64
		{9E10D71D-8FB1-464C-A217-D0882A749732}.Release|x86.ActiveCfg = Release|Win32
		{9E10D71D-8FB1-464C-A217-D0882A749732}.Release|x86.Build.0 = Release|Win32
		{9E10D71D-8FB1-464C-A217-D0882A749732}.Server Debug|x64.ActiveCfg = Debug|x64
		{9E10D71D-8FB1-464C-A217-D0882A749732}.Server Debug|x64.Build.0 = Debug|x64
		{9E10D71D-8FB1-464C-A217-D0882A749732}.Server Debug|x86.ActiveCfg = Debug|Win32
		{9E10D71D-8FB1-464C-A217-D0882A749732}.Server Debug|x86.Build.0 = Debug|Win32
		{9E10D71D-8FB1-464C-A217-D0882A749732}.Server Release|x64.ActiveCfg = Release|x64
		{9E10D71D-8FB1-464C-A217-D0882A749732}.Server Release|x64.Build.0 = Release|x64
		{9E10D71D-8FB1-464C-A217-D0882A749732}.Server Release|x86.ActiveCfg = Release|Win32
		{9E10D71D-8FB1-464C-A217-D0882A749732}.Server Release|x86.Build.0 = Release|Win32
		{9E10D71D-8FB1-464C-A217-D0882A749732}.Template|x64.ActiveCfg = Template|x64
		{9E10D71D-8FB1-464C-A217-D0882A749732}.Template|x64.Build.0 = Template|x64
		{9E10D71D-8FB1-464C-A217-D0882A749732}.Template|x86.ActiveCfg = Template|Win32
		{9E10D71D-8FB1-464C-A217-D0882A749732}.Template|x86.Build.0 = Template|Win32
		{7B7AF2E2-7BAF-42F4-9B47-7AAC3A33739D}.Client Debug|x64.ActiveCfg = Debug|x64
		{7B7AF2E2-7BAF-42F4-9B47-7AAC3A33739D}.Client Debug|x64.Build.0 = Debug|x64
		{7B7AF2E2-7BAF-42F4-9B47-7AAC3A33739D}.Client Debug|x86.ActiveCfg = Debug|Win32
		{7B7AF2E2-7BAF-42F4-9B47-7AAC3A33739D}.Client Debug|x86.Build.0 = Debug|Win32
		{7B7AF2E2-7BAF-42F4-9B47-7AAC3A33739D}.Client Release|x64.ActiveCfg = Release|x64
		{7B7AF2E2-7BAF-42F4-9B47-7AAC3A33739D}.Client Release|x64.Build.0 = Release|x64
		{7B7AF2E2-7BAF-42F4-9B47-7AAC3A33739D}.Client Release|x86.ActiveCfg = Release|Win32
		{7B7AF2E2-7BAF-42F4-9B47-7AAC3A33739D}.Client Release|x86.Build.0 = Release|Win32
		{7B7AF2E2-7BAF-42F4-9B47-7AAC3A33739D}.Debug|x64.ActiveCfg = Debug|x64
		{7B7AF2E2-7BAF-42F4-9B47-7AAC3A33739D}.Debug|x64.Build.0 = Debug|x64
		{7B7AF2E2-7BAF-42F4-9B47-7AAC3A33739D}.Debug|x86.ActiveCfg = Debug|Win32
		{7B7AF2E2-7BAF-42F4-9B47-7AAC3A33739D}.Debug|x86.Build.0 = Debug|Win32
		{7B7AF2E2-7BAF-42F4-9B47-7AAC3A33739D}.OuRead Release|x64.ActiveCfg = Release|x64
		{7B7AF2E2-7BAF-42F4-9B47-7AAC3A33739D}.OuRead Release|x64.Build.0 = Release|x64
		{7B7AF2E2-7BAF-42F4-9B47-7AAC3A33739D}.OuRead Release|x86.ActiveCfg = Release|Win32
		{7B7AF2E2-7BAF-42F4-9B47-7AAC3A33739D}.OuRead Release|x86.Build.0 = Release|Win32
		{7B7AF2E2-7BAF-42F4-9B47-7AAC3A33739D}.OutRead Debug|x64.ActiveCfg = Debug|x64
		{7B7AF2E2-7BAF-42F4-9B47-7AAC3A33739D}.OutRead Debug|x64.Build.0 = Debug|x64
		{7B7AF2E2-7BAF-42F4-9B47-7AAC3A33739D}.OutRead Debug|x86.ActiveCfg = Debug|Win32
		{7B7AF2E2-7BAF-42F4-9B47-7AAC3A33739D}.OutRead Debug|x86.Build.0 = Debug|Win32
		{7B7AF2E2-7BAF-42F4-9B47-7AAC3A33739D}.Release|x64.ActiveCfg = Release|x64
		{7B7AF2E2-7BAF-42F4-9B47-7AAC3A33739D}.Release|x64.Build.0 = Release|x64
		{7B7AF2E2-7BAF-42F4-9B47-7AAC3A33739D}.Release|x86.ActiveCfg = Release|Win32
		{7B7AF2E2-7BAF-42F4-9B47-7AAC3A33739D}.Release|x86.Build.0 = Release|Win32
		{7B7AF2E2-7BAF-42F4-9B47-7AAC3A33739D}.Server Debug|x64.ActiveCfg = Debug|x64
		{7B7AF2E2-7BAF-42F4-9B47-7AAC3A33739D}.Server Debug|x64.Build.0 = Debug|x64
		{7B7AF2E2-7BAF-42F4-9B47-7AAC3A33739D}.Server Debug|x86.ActiveCfg = Debug|Win32
		{7B7AF2E2-7BAF-42F4-9B47-7AAC3A33739D}.Server Debug|x86.Build.0 = Debug|Win32
		{7B7AF2E2-7BAF-42F4-9B47-7AAC3A33739D}.Server Release|x64.ActiveCfg = Release|x64
		{7B7AF2E2-7BAF-42F4-9B47-7AAC3A33739D}.Server Release|x64.Build.0 = Release|x64
		{7B7AF2E2-7BAF-42F4-9B47-7AAC3A33739D}.Server Release|x86.ActiveCfg = Release|Win32
		{7B7AF2E2-7BAF-42F4-9B47-7AAC3A33739D}.Server Release|x86.Build.0 = Release|Win32
		{7B7AF2E2-7BAF-42F4-9B47-7AAC3A33739D}.Template|x64.ActiveCfg = Template|x64
		{7B7AF2E2-7BAF-42F4-9B47-7AAC3A33739D}.Template|x64.Build.0 = Template|x64
		{7B7AF2E2-7BAF-42F4-9B47-7AAC3A33739D}.Template|x86.ActiveCfg = Template|Win32
		{7B7AF2E2-7BAF-42F4-9B47-7AAC3A33739D}.Template|x86.Build.0 = Template|Win32
		{807BF50F-20B3-489D-8CAB-F21C53F275EA}.Client Debug|x64.ActiveCfg = Debug|x64
		{807BF50F-20B3-489D-8CAB-F21C53F275EA}.Client Debug|x64.Build.0 = Debug|x64
		{807BF50F-20B3-489D-8CAB-F21C53F275EA}.Client Debug|x86.ActiveCfg = Debug|Win32
		{807BF50F-20B3-489D-8CAB-F21C53F275EA}.Client Debug|x86.Build.0 = Debug|Win32
		{807BF50F-20B3-489D-8CAB-F21C53F275EA}.Client Release|x64.ActiveCfg = Release|x64
		{807BF50F-20B3-489D-8CAB-F21C53F275EA}.Client Release|x64.Build.0 = Release|x64
		{807BF50F-20B3-489D-8CAB-F21C53F275EA}.Client Release|x86.ActiveCfg = Release|Win32
		{807BF50F-20B3-489D-8CAB-F21C53F275EA}.Client Release|x86.Build.0 = Release|Win32
		{807BF50F-20B3-489D-8CAB-F21C53F275EA}.Debug|x64.ActiveCfg = Debug|x64
		{807BF50F-20B3-489D-8CAB-F21C53F275EA}.Debug|x64.Build.0 = Debug|x64
		{807BF50F-20B3-489D-8CAB-F21C53F275EA}.Debug|x86.ActiveCfg = Debug|Win32
		{807BF50F-20B3-489D-8CAB-F21C53F275EA}.Debug|x86.Build.0 = Debug|Win32
		{807BF50F-20B3-489D-8CAB-F21C53F275EA}.OuRead Release|x64.ActiveCfg = Release|x64
		{807BF50F-20B3-489D-8CAB-F21C53F275EA}.OuRead Release|x64.Build.0 = Release|x64
		{807BF50F-20B3-489D-8CAB-F21C53F275EA}.OuRead Release|x86.ActiveCfg = Release|Win32
		{807BF50F-20B3-489D-8CAB-F21C53F275EA}.OuRead Release|x86.Build.0 = Release|Win32
		{807BF50F-20B3-489D-8CAB-F21C53F275EA}.OutRead Debug|x64.ActiveCfg = Debug|x64
		{807BF50F-20B3-489D-8CAB-F21C53F275EA}.OutRead Debug|x64.Build.0 = Debug|x64
		{807BF50F-20B3-489D-8CAB-F21C53F275EA}.OutRead Debug|x86.ActiveCfg = Debug|Win32
		{807BF50F-20B3-489D-8CAB-F21C53F275EA}.OutRead Debug|x86.Build.0 = Debug|Win32
		{807BF50F-20B3-489D-8CAB-F21C53F275EA}.Release|x64.ActiveCfg = Release|x64
		{807BF50F-20B3-489D-8CAB-F21C53F275EA}.Release|x64.Build.0 = Release|x64
		{807BF50F-20B3-489D-8CAB-F21C53F275EA}.Release|x86.ActiveCfg = Release|Win32
		{807BF50F-20B3-489D-8CAB-F21C53F275EA}.Release|x86.Build.0 = Release|Win32
		{807BF50F-20B3-489D-8CAB-F21C53F275EA}.Server Debug|x64.ActiveCfg = Debug|x64
		{807BF50F-20B3-489D-8CAB-F21C53F275EA}.Server Debug|x64.Build.0 = Debug|x64
		{807BF50F-20B3-489D-8CAB-F21C53F275EA}.Server Debug|x86.ActiveCfg = Debug|Win32
		{807BF50F-20B3-489D-8CAB-F21C53F275EA}.Server Debug|x86.Build.0 = Debug|Win32
		{807BF50F-20B3-489D-8CAB-F21C53F275EA}.Server Release|x64.ActiveCfg = Release|x64
		{807BF50F-20B3-489D-8CAB-F21C53F275EA}.Server Release|x64.Build.0 = Release|x64
		{807BF50F-20B3-489D-8CAB-F21C53F275EA}.Server Release|x86.ActiveCfg = Release|Win32
		{807BF50F-20B3-489D-8CAB-F21C53F275EA}.Server Release|x86.Build.0 = Release|Win32
		{807BF50F-20B3-489D-8CAB-F21C53F275EA}.Template|x64.ActiveCfg = Template|x64
		{807BF50F-20B3-489D-8CAB-F21C53F275EA}.Template|x64.Build.0 = Template|x64
		{807BF50F-20B3-489D-8CAB-F21C53F275EA}.Template|x86.ActiveCfg = Template|Win32
		{807BF50F-20B3-489D-8CAB-F21C53F275EA}.Template|x86.Build.0 = Template|Win32
		{37092D63-B9B2-445B-A2F7-48EF8C3BB86D}.Client Debug|x64.ActiveCfg = Debug|x64
		{37092D63-B9B2-445B-A2F7-48EF8C3BB86D}.Client Debug|x64.Build.0 = Debug|x64
		{37092D63-B9B2-445B-A2F7-48EF8C3BB86D}.Client Debug|x86.ActiveCfg = Debug|Win32
		{37092D63-B9B2-445B-A2F7-48EF8C3BB86D}.Client Debug|x86.Build.0 = Debug|Win32
		{37092D63-B9B2-445B-A2F7-48EF8C3BB86D}.Client Release|x64.ActiveCfg = Release|x64
		{37092D63-B9B2-445B-A2F7-48EF8C3BB86D}.Client Release|x64.Build.0 = Release|x64
		{37092D63-B9B2-445B-A2F7-48EF8C3BB86D}.Client Release|x86.ActiveCfg = Release|Win32
		{37092D63-B9B2-445B-A2F7-48EF8C3BB86D}.Client Release|x86.Build.0 = Release|Win32
		{37092D63-B9B2-445B-A2F7-48EF8C3BB86D}.Debug|x64.ActiveCfg = Debug|x64
		{37092D63-B9B2-445B-A2F7-48EF8C3BB86D}.Debug|x64.Build.0 = Debug|x64
		{37092D63-B9B2-445B-A2F7-48EF8C3BB86D}.Debug|x86.ActiveCfg = Debug|Win32
		{37092D63-B9B2-445B-A2F7-48EF8C3BB86D}.Debug|x86.Build.0 = Debug|Win32
		{37092D63-B9B2-445B-A2F7-48EF8C3BB86D}.OuRead Release|x64.ActiveCfg = Release|x64
		{37092D63-B9B2-445B-A2F7-48EF8C3BB86D}.OuRead Release|x64.Build.0 = Release|x64
		{37092D63-B9B2-445B-A2F7-48EF8C3BB86D}.OuRead Release|x86.ActiveCfg = Release|Win32
		{37092D63-B9B2-445B-A2F7-48EF8C3BB86D}.OuRead Release|x86.Build.0 = Release|Win32
		{37092D63-B9B2-445B-A2F7-48EF8C3BB86D}.OutRead Debug|x64.ActiveCfg = Debug|x64
		{37092D63-B9B2-445B-A2F7-48EF8C3BB86D}.OutRead Debug|x64.Build.0 = Debug|x64
		{37092D63-B9B2-445B-A2F7-48EF8C3BB86D}.OutRead Debug|x86.ActiveCfg = Debug|Win32
		{37092D63-B9B2-445B-A2F7-48EF8C3BB86D}.OutRead Debug|x86.Build.0 = Debug|Win32
		{37092D63-B9B2-445B-A2F7-48EF8C3BB86D}.Release|x64.ActiveCfg = Release|x64
		{37092D63-B9B2-445B-A2F7-48EF8C3BB86D}.Release|x64.Build.0 = Release|x64
		{37092D63-B9B2-445B-A2F7-48EF8C3BB86D}.Release|x86.ActiveCfg = Release|Win32
		{37092D63-B9B2-445B-A2F7-48EF8C3BB86D}.Release|x86.Build.0 = Release|Win32
		{37092D63-B9B2-445B-A2F7-48EF8C3BB86D}.Server Debug|x64.ActiveCfg = Debug|x64
		{37092D63-B9B2-445B-A2F7-48EF8C3BB86D}.Server Debug|x64.Build.0 = Debug|x64
		{37092D63-B9B2-445B-A2F7-48EF8C3BB86D}.Server Debug|x86.ActiveCfg = Debug|Win32
		{37092D63-B9B2-445B-A2F7-48EF8C3BB86D}.Server Debug|x86.Build.0 = Debug|Win32
		{37092D63-B9B2-445B-A2F7-48EF8C3BB86D}.Server Release|x64.ActiveCfg = Release|x64
		{37092D63-B9B2-445B-A2F7-48EF8C3BB86D}.Server Release|x64.Build.0 = Release|x64
		{37092D63-B9B2-445B-A2F7-48EF8C3BB86D}.Server Release|x86.ActiveCfg = Release|Win32
		{37092D63-B9B2-445B-A2F7-48EF8C3BB86D}.Server Release|x86.Build.0 = Release|Win32
		{37092D63-B9B2-445B-A2F7-48EF8C3BB86D}.Template|x64.ActiveCfg = Template|x64
		{37092D63-B9B2-445B-A2F7-48EF8C3BB86D}.Template|x64.Build.0 = Template|x64
		{37092D63-B9B2-445B-A2F7-48EF8C3BB86D}.Template|x86.ActiveCfg = Template|Win32
		{37092D63-B9B2-445B-A2F7-48EF8C3BB86D}.Template|x86.Build.0 = Template|Win32
		{90BDDB6E-E5BA-4466-88FC-062C404D1A67}.Client Debug|x64.ActiveCfg = Debug|x64
		{90BDDB6E-E5BA-4466-88FC-062C404D1A67}.Client Debug|x64.Build.0 = Debug|x64
		{90BDDB6E-E5BA-4466-88FC-062C404D1A67}.Client Debug|x86.ActiveCfg = Debug|Win32
		{90BDDB6E-E5BA-4466-88FC-062C404D1A67}.Client Debug|x86.Build.0 = Debug|Win32
		{90BDDB6E-E5BA-4466-88FC-062C404D1A67}.Client Release|x64.ActiveCfg = Release|x64
		{90BDDB6E-E5BA-4466-88FC-062C404D1A67}.Client Release|x64.Build.0 = Release|x64
		{90BDDB6E-E5BA-4466-88FC-062C404D1A67}.Client Release|x86.ActiveCfg = Release|Win32
		{90BDDB6E-E5BA-4466-88FC-062C404D1A67}.Client Release|x86.Build.0 = Release|Win32
		{90BDDB6E-E5BA-4466-88FC-062C404D1A67}.Debug|x64.ActiveCfg = Debug|x64
		{90BDDB6E-E5BA-4466-88FC-062C404D1A67}.Debug|x64.Build.0 = Debug|x64
		{90BDDB6E-E5BA-4466-88FC-062C404D1A67}.Debug|x86.ActiveCfg = Debug|Win32
		{90BDDB6E-E5BA-4466-88FC-062C404D1A67}.Debug|x86.Build.0 = Debug|Win32
		{90BDDB6E-E5BA-4466-88FC-062C404D1A67}.OuRead Release|x64.ActiveCfg = Release|x64
		{90BDDB6E-E5BA-4466-88FC-062C404D1A67}.OuRead Release|x64.Build.0 = Release|x64
		{90BDDB6E-E5BA-4466-88FC-062C404D1A67}.OuRead Release|x86.ActiveCfg = Release|Win32
		{90BDDB6E-E5BA-4466-88FC-062C404D1A67}.OuRead Release|x86.Build.0 = Release|Win32
		{90BDDB6E-E5BA-4466-88FC-062C404D1A67}.OutRead Debug|x64.ActiveCfg = Debug|x64
		{90BDDB6E-E5BA-4466-88FC-062C404D1A67}.OutRead Debug|x64.Build.0 = Debug|x64
		{90BDDB6E-E5BA-4466-88FC-062C404D1A67}.OutRead Debug|x86.ActiveCfg = Debug|Win32
		{90BDDB6E-E5BA-4466-88FC-062C404D1A67}.OutRead Debug|x86.Build.0 = Debug|Win32
		{90BDDB6E-E5BA-4466-88FC-062C404D1A67}.Release|x64.ActiveCfg = Release|x64
		{90BDDB6E-E5BA-4466-88FC-062C404D1A67}.Release|x64.Build.0 = Release|x64
		{90BDDB6E-E5BA-4466-88FC-062C404D1A67}.Release|x86.ActiveCfg = Release|Win32
		{90BDDB6E-E5BA-4466-88FC-062C404D1A67}.Release|x86.Build.0 = Release|Win32
		{90BDDB6E-E5BA-4466-88FC-062C404D1A67}.Server Debug|x64.ActiveCfg = Debug|x64
		{90BDDB6E-E5BA-4466-88FC-062C404D1A67}.Server Debug|x64.Build.0 = Debug|x64
		{90BDDB6E-E5BA-4466-88FC-062C404D1A67}.Server Debug|x86.ActiveCfg = Debug|Win32
		{90BDDB6E-E5BA-4466-88FC-062C404D1A67}.Server Debug|x86.Build.0 = Debug|Win32
		{90BDDB6E-E5BA-4466-88FC-062C404D1A67}.Server Release|x64.ActiveCfg = Release|x64
		{90BDDB6E-E5BA-4466-88FC-062C404D1A67}.Server Release|x64.Build.0 = Release|x64
		{90BDDB6E-E5BA-4466-88FC-062C404D1A67}.Server Release|x86.ActiveCfg = Release|Win32
		{90BDDB6E-E5BA-4466-88FC-062C404D1A67}.Server Release|x86.Build.0 = Release|Win32
		{90BDDB6E-E5BA-4466-88FC-062C404D1A67}.Template|x64.ActiveCfg = Template|x64
		{90BDDB6E-E5BA-4466-88FC-062C404D1A67}.Template|x64.Build.0 = Template|x64
		{90BDDB6E-E5BA-4466-88FC-062C404D1A67}.Template|x86.ActiveCfg = Template|Win32
		{90BDDB6E-E5BA-4466-88FC-062C404D1A67}.Template|x86.Build.0 = Template|Win32
		{6CC503FE-1FA7-4520-A4A9-35474BFF1C44}.Client Debug|x64.ActiveCfg = Debug|x64
		{6CC503FE-1FA7-4520-A4A9-35474BFF1C44}.Client Debug|x64.Build.0 = Debug|x64
		{6CC503FE-1FA7-4520-A4A9-35474BFF1C44}.Client Debug|x86.ActiveCfg = Debug|Win32
		{6CC503FE-1FA7-4520-A4A9-35474BFF1C44}.Client Debug|x86.Build.0 = Debug|Win32
		{6CC503FE-1FA7-4520-A4A9-35474BFF1C44}.Client Release|x64.ActiveCfg = Release|x64
		{6CC503FE-1FA7-4520-A4A9-35474BFF1C44}.Client Release|x64.Build.0 = Release|x64
		{6CC503FE-1FA7-4520-A4A9-35474BFF1C44}.Client Release|x86.ActiveCfg = Release|Win32
		{6CC503FE-1FA7-4520-A4A9-35474BFF1C44}.Client Release|x86.Build.0 = Release|Win32
		{6CC503FE-1FA7-4520-A4A9-35474BFF1C44}.Debug|x64.ActiveCfg = Debug|x64
		{6CC503FE-1FA7-4520-A4A9-35474BFF1C44}.Debug|x64.Build.0 = Debug|x64
		{6CC503FE-1FA7-4520-A4A9-35474BFF1C44}.Debug|x86.ActiveCfg = Debug|Win32
		{6CC503FE-1FA7-4520-A4A9-35474BFF1C44}.Debug|x86.Build.0 = Debug|Win32
		{6CC503FE-1FA7-4520-A4A9-35474BFF1C44}.OuRead Release|x64.ActiveCfg = Release|x64
		{6CC503FE-1FA7-4520-A4A9-35474BFF1C44}.OuRead Release|x64.Build.0 = Release|x64
		{6CC503FE-1FA7-4520-A4A9-35474BFF1C44}.OuRead Release|x86.ActiveCfg = Release|Win32
		{6CC503FE-1FA7-4520-A4A9-35474BFF1C44}.OuRead Release|x86.Build.0 = Release|Win32
		{6CC503FE-1FA7-4520-A4A9-35474BFF1C44}.OutRead Debug|x64.ActiveCfg = Debug|x64
		{6CC503FE-1FA7-4520-A4A9-35474BFF1C44}.OutRead Debug|x64.Build.0 = Debug|x64
		{6CC503FE-1FA7-4520-A4A9-35474BFF1C44}.OutRead Debug|x86.ActiveCfg = Debug|Win32
		{6CC503FE-1FA7-4520-A4A9-35474BFF1C44}.OutRead Debug|x86.Build.0 = Debug|Win32
		{6CC503FE-1FA7-4520-A4A9-35474BFF1C44}.Release|x64.ActiveCfg = Release|x64
		{6CC503FE-1FA7-4520-A4A9-35474BFF1C44}.Release|x64.Build.0 = Release|x64
		{6CC503FE-1FA7-4520-A4A9-35474BFF1C44}.Release|x86.ActiveCfg = Release|Win32
		{6CC503FE-1FA7-4520-A4A9-35474BFF1C44}.Release|x86.Build.0 = Release|Win32
		{6CC503FE-1FA7-4520-A4A9-35474BFF1C44}.Server Debug|x64.ActiveCfg = Debug|x64
		{6CC503FE-1FA7-4520-A4A9-35474BFF1C44}.Server Debug|x64.Build.0 = Debug|x64
		{6CC503FE-1FA7-4520-A4A9-35474BFF1C44}.Server Debug|x86.ActiveCfg = Debug|Win32
		{6CC503FE-1FA7-4520-A4A9-35474BFF1C44}.Server Debug|x86.Build.0 = Debug|Win32
		{6CC503FE-1FA7-4520-A4A9-35474BFF1C44}.Server Release|x64.ActiveCfg = Release|x64
		{6CC503FE-1FA7-4520-A4A9-35474BFF1C44}.Server Release|x64.Build.0 = Release|x64
		{6CC503FE-1FA7-4520-A4A9-35474BFF1C44}.Server Release|x86.ActiveCfg = Release|Win32
		{6CC503FE-1FA7-4520-A4A9-35474BFF1C44}.Server Release|x86.Build.0 = Release|Win32
		{6CC503FE-1FA7-4520-A4A9-35474BFF1C44}.Template|x64.ActiveCfg = Debug|x64
		{6CC503FE-1FA7-4520-A4A9-35474BFF1C44}.Template|x64.Build.0 = Debug|x64
		{6CC503FE-1FA7-4520-A4A9-35474BFF1C44}.Template|x86.ActiveCfg = Release|Win32
		{6CC503FE-1FA7-4520-A4A9-35474BFF1C44}.Template|x86.Build.0 = Release|Win32
		{C116182E-FE0E-4F07-B293-C11C13FD47C8}.Client Debug|x64.ActiveCfg = Debug|x64
		{C116182E-FE0E-4F07-B293-C11C13FD47C8}.Client Debug|x64.Build.0 = Debug|x64
		{C116182E-FE0E-4F07-B293-C11C13FD47C8}.Client Debug|x86.ActiveCfg = Debug|Win32
		{C116182E-FE0E-4F07-B293-C11C13FD47C8}.Client Debug|x86.Build.0 = Debug|Win32
		{C116182E-FE0E-4F07-B293-C11C13FD47C8}.Client Release|x64.ActiveCfg = Release|x64
		{C116182E-FE0E-4F07-B293-C11C13FD47C8}.Client Release|x64.Build.0 = Release|x64
		{C116182E-FE0E-4F07-B293-C11C13FD47C8}.Client Release|x86.ActiveCfg = Release|Win32
		{C116182E-FE0E-4F07-B293-C11C13FD47C8}.Client Release|x86.Build.0 = Release|Win32
		{C116182E-FE0E-4F07-B293-C11C13FD47C8}.Debug|x64.ActiveCfg = Debug|x64
		{C116182E-FE0E-4F07-B293-C11C13FD47C8}.Debug|x64.Build.0 = Debug|x64
		{C116182E-FE0E-4F07-B293-C11C13FD47C8}.Debug|x86.ActiveCfg = Debug|Win32
		{C116182E-FE0E-4F07-B293-C11C13FD47C8}.Debug|x86.Build.0 = Debug|Win32
		{C116182E-FE0E-4F07-B293-C11C13FD47C8}.OuRead Release|x64.ActiveCfg = Release|x64
		{C116182E-FE0E-4F07-B293-C11C13FD47C8}.OuRead Release|x64.Build.0 = Release|x64
		{C116182E-FE0E-4F07-B293-C11C13FD47C8}.OuRead Release|x86.ActiveCfg = Release|Win32
		{C116182E-FE0E-4F07-B293-C11C13FD47C8}.OuRead Release|x86.Build.0 = Release|Win32
		{C116182E-FE0E-4F07-B293-C11C13FD47C8}.OutRead Debug|x64.ActiveCfg = Debug|x64
		{C116182E-FE0E-4F07-B293-C11C13FD47C8}.OutRead Debug|x64.Build.0 = Debug|x64
		{C116182E-FE0E-4F07-B293-C11C13FD47C8}.OutRead Debug|x86.ActiveCfg = Debug|Win32
		{C116182E-FE0E-4F07-B293-C11C13FD47C8}.OutRead Debug|x86.Build.0 = Debug|Win32
		{C116182E-FE0E-4F07-B293-C11C13FD47C8}.Release|x64.ActiveCfg = Release|x64
		{C116182E-FE0E-4F07-B293-C11C13FD47C8}.Release|x64.Build.0 = Release|x64
		{C116182E-FE0E-4F07-B293-C11C13FD47C8}.Release|x86.ActiveCfg = Release|Win32
		{C116182E-FE0E-4F07-B293-C11C13FD47C8}.Release|x86.Build.0 = Release|Win32
		{C116182E-FE0E-4F07-B293-C11C13FD47C8}.Server Debug|x64.ActiveCfg = Debug|x64
		{C116182E-FE0E-4F07-B293-C11C13FD47C8}.Server Debug|x64.Build.0 = Debug|x64
		{C116182E-FE0E-4F07-B293-C11C13FD47C8}.Server Debug|x86.ActiveCfg = Debug|Win32
		{C116182E-FE0E-4F07-B293-C11C13FD47C8}.Server Debug|x86.Build.0 = Debug|Win32
		{C116182E-FE0E-4F07-B293-C11C13FD47C8}.Server Release|x64.ActiveCfg = Release|x64
		{C116182E-FE0E-4F07-B293-C11C13FD47C8}.Server Release|x64.Build.0 = Release|x64
		{C116182E-FE0E-4F07-B293-C11C13FD47C8}.Server Release|x86.ActiveCfg = Release|Win32
		{C116182E-FE0E-4F07-B293-C11C13FD47C8}.Server Release|x86.Build.0 = Release|Win32
		{C116182E-FE0E-4F07-B293-C11C13FD47C8}.Template|x64.ActiveCfg = Debug|x64
		{C116182E-FE0E-4F07-B293-C11C13FD47C8}.Template|x64.Build.0 = Debug|x64
		{C116182E-FE0E-4F07-B293-C11C13FD47C8}.Template|x86.ActiveCfg = Debug|Win32
		{C116182E-FE0E-4F07-B293-C11C13FD47C8}.Template|x86.Build.0 = Debug|Win32
		{78AAF504-92D2-4DFB-83C3-8285E87137C1}.Client Debug|x64.ActiveCfg = Debug|Win32
		{78AAF504-92D2-4DFB-83C3-8285E87137C1}.Client Debug|x64.Build.0 = Debug|Win32
		{78AAF504-92D2-4DFB-83C3-8285E87137C1}.Client Debug|x86.ActiveCfg = Debug|Win32
		{78AAF504-92D2-4DFB-83C3-8285E87137C1}.Client Debug|x86.Build.0 = Debug|Win32
		{78AAF504-92D2-4DFB-83C3-8285E87137C1}.Client Release|x64.ActiveCfg = Release|Win32
		{78AAF504-92D2-4DFB-83C3-8285E87137C1}.Client Release|x64.Build.0 = Release|Win32
		{78AAF504-92D2-4DFB-83C3-8285E87137C1}.Client Release|x86.ActiveCfg = Release|Win32
		{78AAF504-92D2-4DFB-83C3-8285E87137C1}.Client Release|x86.Build.0 = Release|Win32
		{78AAF504-92D2-4DFB-83C3-8285E87137C1}.Debug|x64.ActiveCfg = Debug|Win32
		{78AAF504-92D2-4DFB-83C3-8285E87137C1}.Debug|x64.Build.0 = Debug|Win32
		{78AAF504-92D2-4DFB-83C3-8285E87137C1}.Debug|x86.ActiveCfg = Debug|Win32
		{78AAF504-92D2-4DFB-83C3-8285E87137C1}.Debug|x86.Build.0 = Debug|Win32
		{78AAF504-92D2-4DFB-83C3-8285E87137C1}.OuRead Release|x64.ActiveCfg = Release|Win32
		{78AAF504-92D2-4DFB-83C3-8285E87137C1}.OuRead Release|x64.Build.0 = Release|Win32
		{78AAF504-92D2-4DFB-83C3-8285E87137C1}.OuRead Release|x86.ActiveCfg = Release|Win32
		{78AAF504-92D2-4DFB-83C3-8285E87137C1}.OuRead Release|x86.Build.0 = Release|Win32
		{78AAF504-92D2-4DFB-83C3-8285E87137C1}.OutRead Debug|x64.ActiveCfg = Debug|Win32
		{78AAF504-92D2-4DFB-83C3-8285E87137C1}.OutRead Debug|x64.Build.0 = Debug|Win32
		{78AAF504-92D2-4DFB-83C3-8285E87137C1}.OutRead Debug|x86.ActiveCfg = Debug|Win32
		{78AAF504-92D2-4DFB-83C3-8285E87137C1}.OutRead Debug|x86.Build.0 = Debug|Win32
		{78AAF504-92D2-4DFB-83C3-8285E87137C1}.Release|x64.ActiveCfg = Release|Win32
		{78AAF504-92D2-4DFB-83C3-8285E87137C1}.Release|x64.Build.0 = Release|Win32
		{78AAF504-92D2-4DFB-83C3-8285E87137C1}.Release|x86.ActiveCfg = Release|Win32
		{78AAF504-92D2-4DFB-83C3-8285E87137C1}.Release|x86.Build.0 = Release|Win32
		{78AAF504-92D2-4DFB-83C3-8285E87137C1}.Server Debug|x64.ActiveCfg = Debug|Win32
		{78AAF504-92D2-4DFB-83C3-8285E87137C1}.Server Debug|x64.Build.0 = Debug|Win32
		{78AAF504-92D2-4DFB-83C3-8285E87137C1}.Server Debug|x86.ActiveCfg = Debug|Win32
		{78AAF504-92D2-4DFB-83C3-8285E87137C1}.Server Debug|x86.Build.0 = Debug|Win32
		{78AAF504-92D2-4DFB-83C3-8285E87137C1}.Server Release|x64.ActiveCfg = Release|Win32
		{78AAF504-92D2-4DFB-83C3-8285E87137C1}.Server Release|x64.Build.0 = Release|Win32
		{78AAF504-92D2-4DFB-83C3-8285E87137C1}.Server Release|x86.ActiveCfg = Release|Win32
		{78AAF504-92D2-4DFB-83C3-8285E87137C1}.Server Release|x86.Build.0 = Release|Win32
		{78AAF504-92D2-4DFB-83C3-8285E87137C1}.Template|x64.ActiveCfg = Debug|Win32
		{78AAF504-92D2-4DFB-83C3-8285E87137C1}.Template|x64.Build.0 = Debug|Win32
		{78AAF504-92D2-4DFB-83C3-8285E87137C1}.Template|x86.ActiveCfg = Debug|Win32
		{78AAF504-92D2-4DFB-83C3-8285E87137C1}.Template|x86.Build.0 = Debug|Win32
		{8081472C-E13D-4116-AFA2-16BE8F0680AA}.Client Debug|x64.ActiveCfg = Debug|Win32
		{8081472C-E13D-4116-AFA2-16BE8F0680AA}.Client Debug|x64.Build.0 = Debug|Win32
		{8081472C-E13D-4116-AFA2-16BE8F0680AA}.Client Debug|x86.ActiveCfg = Debug|Win32
		{8081472C-E13D-4116-AFA2-16BE8F0680AA}.Client Debug|x86.Build.0 = Debug|Win32
		{8081472C-E13D-4116-AFA2-16BE8F0680AA}.Client Release|x64.ActiveCfg = Release|Win32
		{8081472C-E13D-4116-AFA2-16BE8F0680AA}.Client Release|x64.Build.0 = Release|Win32
		{8081472C-E13D-4116-AFA2-16BE8F0680AA}.Client Release|x86.ActiveCfg = Release|Win32
		{8081472C-E13D-4116-AFA2-16BE8F0680AA}.Client Release|x86.Build.0 = Release|Win32
		{8081472C-E13D-4116-AFA2-16BE8F0680AA}.Debug|x64.ActiveCfg = Debug|Win32
		{8081472C-E13D-4116-AFA2-16BE8F0680AA}.Debug|x64.Build.0 = Debug|Win32
		{8081472C-E13D-4116-AFA2-16BE8F0680AA}.Debug|x86.ActiveCfg = Debug|Win32
		{8081472C-E13D-4116-AFA2-16BE8F0680AA}.Debug|x86.Build.0 = Debug|Win32
		{8081472C-E13D-4116-AFA2-16BE8F0680AA}.OuRead Release|x64.ActiveCfg = Release|Win32
		{8081472C-E13D-4116-AFA2-16BE8F0680AA}.OuRead Release|x64.Build.0 = Release|Win32
		{8081472C-E13D-4116-AFA2-16BE8F0680AA}.OuRead Release|x86.ActiveCfg = Release|Win32
		{8081472C-E13D-4116-AFA2-16BE8F0680AA}.OuRead Release|x86.Build.0 = Release|Win32
		{8081472C-E13D-4116-AFA2-16BE8F0680AA}.OutRead Debug|x64.ActiveCfg = Debug|Win32
		{8081472C-E13D-4116-AFA2-16BE8F0680AA}.OutRead Debug|x64.Build.0 = Debug|Win32
		{8081472C-E13D-4116-AFA2-16BE8F0680AA}.OutRead Debug|x86.ActiveCfg = Debug|Win32
		{8081472C-E13D-4116-AFA2-16BE8F0680AA}.OutRead Debug|x86.Build.0 = Debug|Win32
		{8081472C-E13D-4116-AFA2-16BE8F0680AA}.Release|x64.ActiveCfg = Release|Win32
		{8081472C-E13D-4116-AFA2-16BE8F0680AA}.Release|x64.Build.0 = Release|Win32
		{8081472C-E13D-4116-AFA2-16BE8F0680AA}.Release|x86.ActiveCfg = Release|Win32
		{8081472C-E13D-4116-AFA2-16BE8F0680AA}.Release|x86.Build.0 = Release|Win32
		{8081472C-E13D-4116-AFA2-16BE8F0680AA}.Server Debug|x64.ActiveCfg = Debug|Win32
		{8081472C-E13D-4116-AFA2-16BE8F0680AA}.Server Debug|x64.Build.0 = Debug|Win32
		{8081472C-E13D-4116-AFA2-16BE8F0680AA}.Server Debug|x86.ActiveCfg = Debug|Win32
		{8081472C-E13D-4116-AFA2-16BE8F0680AA}.Server Debug|x86.Build.0 = Debug|Win32
		{8081472C-E13D-4116-AFA2-16BE8F0680AA}.Server Release|x64.ActiveCfg = Release|Win32
		{8081472C-E13D-4116-AFA2-16BE8F0680AA}.Server Release|x64.Build.0 = Release|Win32
		{8081472C-E13D-4116-AFA2-16BE8F0680AA}.Server Release|x86.ActiveCfg = Release|Win32
		{8081472C-E13D-4116-AFA2-16BE8F0680AA}.Server Release|x86.Build.0 = Release|Win32
		{8081472C-E13D-4116-AFA2-16BE8F0680AA}.Template|x64.ActiveCfg = Debug|Win32
		{8081472C-E13D-4116-AFA2-16BE8F0680AA}.Template|x64.Build.0 = Debug|Win32
		{8081472C-E13D-4116-AFA2-16BE8F0680AA}.Template|x86.ActiveCfg = Debug|Win32
		{8081472C-E13D-4116-AFA2-16BE8F0680AA}.Template|x86.Build.0 = Debug|Win32
		{182357F0-EA0F-47DA-A55E-CFDC114E7FA1}.Client Debug|x64.ActiveCfg = Debug|x64
		{182357F0-EA0F-47DA-A55E-CFDC114E7FA1}.Client Debug|x64.Build.0 = Debug|x64
		{182357F0-EA0F-47DA-A55E-CFDC114E7FA1}.Client Debug|x86.ActiveCfg = Debug|Win32
		{182357F0-EA0F-47DA-A55E-CFDC114E7FA1}.Client Debug|x86.Build.0 = Debug|Win32
		{182357F0-EA0F-47DA-A55E-CFDC114E7FA1}.Client Release|x64.ActiveCfg = Release|x64
		{182357F0-EA0F-47DA-A55E-CFDC114E7FA1}.Client Release|x64.Build.0 = Release|x64
		{182357F0-EA0F-47DA-A55E-CFDC114E7FA1}.Client Release|x86.ActiveCfg = Release|Win32
		{182357F0-EA0F-47DA-A55E-CFDC114E7FA1}.Client Release|x86.Build.0 = Release|Win32
		{182357F0-EA0F-47DA-A55E-CFDC114E7FA1}.Debug|x64.ActiveCfg = Debug|x64
		{182357F0-EA0F-47DA-A55E-CFDC114E7FA1}.Debug|x64.Build.0 = Debug|x64
		{182357F0-EA0F-47DA-A55E-CFDC114E7FA1}.Debug|x86.ActiveCfg = Debug|Win32
		{182357F0-EA0F-47DA-A55E-CFDC114E7FA1}.Debug|x86.Build.0 = Debug|Win32
		{182357F0-EA0F-47DA-A55E-CFDC114E7FA1}.OuRead Release|x64.ActiveCfg = Release|x64
		{182357F0-EA0F-47DA-A55E-CFDC114E7FA1}.OuRead Release|x64.Build.0 = Release|x64
		{182357F0-EA0F-47DA-A55E-CFDC114E7FA1}.OuRead Release|x86.ActiveCfg = Release|Win32
		{182357F0-EA0F-47DA-A55E-CFDC114E7FA1}.OuRead Release|x86.Build.0 = Release|Win32
		{182357F0-EA0F-47DA-A55E-CFDC114E7FA1}.OutRead Debug|x64.ActiveCfg = Debug|x64
		{182357F0-EA0F-47DA-A55E-CFDC114E7FA1}.OutRead Debug|x64.Build.0 = Debug|x64
		{182357F0-EA0F-47DA-A55E-CFDC114E7FA1}.OutRead Debug|x86.ActiveCfg = Debug|Win32
		{182357F0-EA0F-47DA-A55E-CFDC114E7FA1}.OutRead Debug|x86.Build.0 = Debug|Win32
		{182357F0-EA0F-47DA-A55E-CFDC114E7FA1}.Release|x64.ActiveCfg = Release|x64
		{182357F0-EA0F-47DA-A55E-CFDC114E7FA1}.Release|x64.Build.0 = Release|x64
		{182357F0-EA0F-47DA-A55E-CFDC114E7FA1}.Release|x86.ActiveCfg = Release|Win32
		{182357F0-EA0F-47DA-A55E-CFDC114E7FA1}.Release|x86.Build.0 = Release|Win32
		{182357F0-EA0F-47DA-A55E-CFDC114E7FA1}.Server Debug|x64.ActiveCfg = Debug|x64
		{182357F0-EA0F-47DA-A55E-CFDC114E7FA1}.Server Debug|x64.Build.0 = Debug|x64
		{182357F0-EA0F-47DA-A55E-CFDC114E7FA1}.Server Debug|x86.ActiveCfg = Debug|Win32
		{182357F0-EA0F-47DA-A55E-CFDC114E7FA1}.Server Debug|x86.Build.0 = Debug|Win32
		{182357F0-EA0F-47DA-A55E-CFDC114E7FA1}.Server Release|x64.ActiveCfg = Release|x64
		{182357F0-EA0F-47DA-A55E-CFDC114E7FA1}.Server Release|x64.Build.0 = Release|x64
		{182357F0-EA0F-47DA-A55E-CFDC114E7FA1}.Server Release|x86.ActiveCfg = Release|Win32
		{182357F0-EA0F-47DA-A55E-CFDC114E7FA1}.Server Release|x86.Build.0 = Release|Win32
		{182357F0-EA0F-47DA-A55E-CFDC114E7FA1}.Template|x64.ActiveCfg = Template|x64
		{182357F0-EA0F-47DA-A55E-CFDC114E7FA1}.Template|x64.Build.0 = Template|x64
		{182357F0-EA0F-47DA-A55E-CFDC114E7FA1}.Template|x86.ActiveCfg = Template|Win32
		{182357F0-EA0F-47DA-A55E-CFDC114E7FA1}.Template|x86.Build.0 = Template|Win32
	EndGlobalSection
	GlobalSection(SolutionProperties) = preSolution
		HideSolutionNode = FALSE
	EndGlobalSection
	GlobalSection(NestedProjects) = preSolution
		{2D115CF5-D3E8-42BB-B358-CAFA4234FAEA} = {86888DBB-0C20-4083-8320-B8A850B00E03}
		{21319396-7368-4B17-A2D6-F9A78757A952} = {B152FCD6-7FCA-4BA4-BDC7-B620975DE333}
		{7EB42DD3-54E7-4664-88D6-8D7B0CCF025D} = {B152FCD6-7FCA-4BA4-BDC7-B620975DE333}
		{D930C8E5-C28C-43A9-8253-B29FC96697CD} = {C4D8B68F-267F-4638-A73D-497BE6FC4292}
		{094B37BF-EA9E-41CB-BDFA-643AB3D90905} = {C4D8B68F-267F-4638-A73D-497BE6FC4292}
		{6E568AE3-3675-40E6-965D-FFA8ECA300D4} = {86888DBB-0C20-4083-8320-B8A850B00E03}
		{43AC2EA7-DCCE-4822-8407-86D6620F4D4B} = {86888DBB-0C20-4083-8320-B8A850B00E03}
		{59B45CFE-36B8-48B2-850A-C194EAEAA8D1} = {B152FCD6-7FCA-4BA4-BDC7-B620975DE333}
		{E37A89F4-5454-4024-A2CC-D489AE0B29D9} = {B152FCD6-7FCA-4BA4-BDC7-B620975DE333}
		{4C3696A5-EB3B-4C49-BB9E-2A78FB52AA46} = {B152FCD6-7FCA-4BA4-BDC7-B620975DE333}
		{9E10D71D-8FB1-464C-A217-D0882A749732} = {C4D8B68F-267F-4638-A73D-497BE6FC4292}
		{7B7AF2E2-7BAF-42F4-9B47-7AAC3A33739D} = {C4D8B68F-267F-4638-A73D-497BE6FC4292}
		{807BF50F-20B3-489D-8CAB-F21C53F275EA} = {86888DBB-0C20-4083-8320-B8A850B00E03}
		{37092D63-B9B2-445B-A2F7-48EF8C3BB86D} = {86888DBB-0C20-4083-8320-B8A850B00E03}
		{90BDDB6E-E5BA-4466-88FC-062C404D1A67} = {86888DBB-0C20-4083-8320-B8A850B00E03}
		{6CC503FE-1FA7-4520-A4A9-35474BFF1C44} = {B152FCD6-7FCA-4BA4-BDC7-B620975DE333}
		{C116182E-FE0E-4F07-B293-C11C13FD47C8} = {992D639C-6BC6-49F0-8C07-A881B26EC22B}
		{78AAF504-92D2-4DFB-83C3-8285E87137C1} = {992D639C-6BC6-49F0-8C07-A881B26EC22B}
		{8081472C-E13D-4116-AFA2-16BE8F0680AA} = {992D639C-6BC6-49F0-8C07-A881B26EC22B}
		{182357F0-EA0F-47DA-A55E-CFDC114E7FA1} = {C4D8B68F-267F-4638-A73D-497BE6FC4292}
	EndGlobalSection
	GlobalSection(ExtensibilityGlobals) = postSolution
		SolutionGuid = {D9969419-8A3D-4B73-9F88-98CC5C02785A}
	EndGlobalSection
EndGlobal
