<?xml version="1.0" encoding="utf-8"?>
<Project ToolsVersion="4.0" xmlns="http://schemas.microsoft.com/developer/msbuild/2003">
  <ItemGroup>
    <Filter Include="DLL Source Files">
      <UniqueIdentifier>{8a57a9a3-422d-4a7f-83e4-b6fcc1476254}</UniqueIdentifier>
      <Extensions>cpp;c;cxx;rc;def;r;odl;idl;hpj;bat</Extensions>
    </Filter>
    <Filter Include="DLL Header Files">
      <UniqueIdentifier>{eed3e5aa-7d9e-4842-aa68-8ee6addca340}</UniqueIdentifier>
      <Extensions>h;hpp;hxx;hm;inl</Extensions>
    </Filter>
    <Filter Include="ESClient">
      <UniqueIdentifier>{7f853c43-a511-49a4-8abd-0379be7dd0c2}</UniqueIdentifier>
    </Filter>
    <Filter Include="ESClient\Source Files">
      <UniqueIdentifier>{fcbaa20e-99bc-4043-a6de-2f18fccf8b4f}</UniqueIdentifier>
    </Filter>
    <Filter Include="ESClient\Header Files">
      <UniqueIdentifier>{938a7ffd-611d-46e6-b5da-e7206919db6b}</UniqueIdentifier>
    </Filter>
    <Filter Include="Interface">
      <UniqueIdentifier>{e95ca96d-b8a7-480b-948d-df04c90c6da1}</UniqueIdentifier>
    </Filter>
    <Filter Include="Lib">
      <UniqueIdentifier>{e4cc76fb-c11e-4e39-ad57-805ba3a2761f}</UniqueIdentifier>
    </Filter>
    <Filter Include="Lib\debug">
      <UniqueIdentifier>{b7352f17-34f3-442c-91d3-d3ccb78e5e7f}</UniqueIdentifier>
    </Filter>
    <Filter Include="Lib\release">
      <UniqueIdentifier>{05a96ad5-3683-4f47-82ad-f147f6f0a0c8}</UniqueIdentifier>
    </Filter>
    <Filter Include="Resource Files">
      <UniqueIdentifier>{5b5505c7-38df-4019-ad35-ceb672b906bd}</UniqueIdentifier>
      <Extensions>ico;cur;bmp;dlg;rc2;rct;bin;rgs;gif;jpg;jpeg;jpe</Extensions>
    </Filter>
  </ItemGroup>
  <ItemGroup>
    <ClCompile Include="IClient.cpp">
      <Filter>DLL Source Files</Filter>
    </ClCompile>
    <ClCompile Include="Rainbow.cpp">
      <Filter>DLL Source Files</Filter>
    </ClCompile>
    <ClCompile Include="ClientStage.cpp">
      <Filter>ESClient\Source Files</Filter>
    </ClCompile>
  </ItemGroup>
  <ItemGroup>
    <ClInclude Include="ClientStage.h">
      <Filter>ESClient\Header Files</Filter>
    </ClInclude>
    <ClInclude Include="Interface\IClient.h">
      <Filter>Interface</Filter>
    </ClInclude>
    <ClInclude Include="Interface\RainbowInterface.h">
      <Filter>Interface</Filter>
    </ClInclude>
  </ItemGroup>
  <ItemGroup>
    <Library Include="..\..\..\Lib\debug\common.lib">
      <Filter>Lib\debug</Filter>
    </Library>
    <Library Include="..\..\..\Lib\release\common.lib">
      <Filter>Lib\release</Filter>
    </Library>
  </ItemGroup>
  <ItemGroup>
    <CustomBuild Include="Rainbow.def">
      <Filter>DLL Header Files</Filter>
    </CustomBuild>
  </ItemGroup>
  <ItemGroup>
    <None Include="packages.config" />
  </ItemGroup>
</Project>