<?xml version="1.0" encoding="utf-8"?>
<Project ToolsVersion="4.0" xmlns="http://schemas.microsoft.com/developer/msbuild/2003">
  <ItemGroup>
    <Filter Include="Source Files">
      <UniqueIdentifier>{8c2a9b5d-eff8-4fd5-b296-9c33912559a1}</UniqueIdentifier>
      <Extensions>cpp;c;cxx;rc;def;r;odl;idl;hpj;bat</Extensions>
    </Filter>
    <Filter Include="Header Files">
      <UniqueIdentifier>{250745af-bb17-4185-bcf9-12c2b97b9dea}</UniqueIdentifier>
      <Extensions>h;hpp;hxx;hm;inl</Extensions>
    </Filter>
    <Filter Include="Resource Files">
      <UniqueIdentifier>{6847782c-74cc-44a7-bc35-d7d092d720a8}</UniqueIdentifier>
      <Extensions>ico;cur;bmp;dlg;rc2;rct;bin;rgs;gif;jpg;jpeg;jpe</Extensions>
    </Filter>
    <Filter Include="lib">
      <UniqueIdentifier>{74be1b53-fd88-4d54-9060-498c3364fd09}</UniqueIdentifier>
    </Filter>
    <Filter Include="lib\release">
      <UniqueIdentifier>{a714215c-7a6d-447f-bef3-66170fb85e60}</UniqueIdentifier>
    </Filter>
    <Filter Include="lib\debug">
      <UniqueIdentifier>{d20b5ed1-bb05-4130-a9f6-cfdbfba97bc2}</UniqueIdentifier>
    </Filter>
    <Filter Include="injec">
      <UniqueIdentifier>{d25b3abb-d122-4856-8903-420eeb0e8c68}</UniqueIdentifier>
    </Filter>
  </ItemGroup>
  <ItemGroup>
    <ClCompile Include="Application.cpp">
      <Filter>Source Files</Filter>
    </ClCompile>
    <ClCompile Include="Bishop.cpp">
      <Filter>Source Files</Filter>
    </ClCompile>
    <ClCompile Include="..\Common\Event.cpp">
      <Filter>Source Files</Filter>
    </ClCompile>
    <ClCompile Include="GamePlayer.cpp">
      <Filter>Source Files</Filter>
    </ClCompile>
    <ClCompile Include="GameServer.cpp">
      <Filter>Source Files</Filter>
    </ClCompile>
    <ClCompile Include="Intercessor.cpp">
      <Filter>Source Files</Filter>
    </ClCompile>
    <ClCompile Include="Network.cpp">
      <Filter>Source Files</Filter>
    </ClCompile>
    <ClCompile Include="PlayerCreator.cpp">
      <Filter>Source Files</Filter>
    </ClCompile>
    <ClCompile Include="SmartClient.cpp">
      <Filter>Source Files</Filter>
    </ClCompile>
    <ClCompile Include="StdAfx.cpp">
      <Filter>Source Files</Filter>
    </ClCompile>
  </ItemGroup>
  <ItemGroup>
    <ClInclude Include="Application.h">
      <Filter>Header Files</Filter>
    </ClInclude>
    <ClInclude Include="GamePlayer.h">
      <Filter>Header Files</Filter>
    </ClInclude>
    <ClInclude Include="GameServer.h">
      <Filter>Header Files</Filter>
    </ClInclude>
    <ClInclude Include="ICommand.h">
      <Filter>Header Files</Filter>
    </ClInclude>
    <ClInclude Include="IGServer.h">
      <Filter>Header Files</Filter>
    </ClInclude>
    <ClInclude Include="Intercessor.h">
      <Filter>Header Files</Filter>
    </ClInclude>
    <ClInclude Include="IPlayer.h">
      <Filter>Header Files</Filter>
    </ClInclude>
    <ClInclude Include="msg_define.h">
      <Filter>Header Files</Filter>
    </ClInclude>
    <ClInclude Include="Network.h">
      <Filter>Header Files</Filter>
    </ClInclude>
    <ClInclude Include="PlayerCreator.h">
      <Filter>Header Files</Filter>
    </ClInclude>
    <ClInclude Include="SmartClient.h">
      <Filter>Header Files</Filter>
    </ClInclude>
    <ClInclude Include="StdAfx.h">
      <Filter>Header Files</Filter>
    </ClInclude>
    <ClInclude Include="resource.h">
      <Filter>Resource Files</Filter>
    </ClInclude>
    <ClInclude Include="dirent.h">
      <Filter>injec</Filter>
    </ClInclude>
  </ItemGroup>
  <ItemGroup>
    <ResourceCompile Include="Bishop.rc">
      <Filter>Resource Files</Filter>
    </ResourceCompile>
  </ItemGroup>
  <ItemGroup>
    <Image Include="res\lock.ico">
      <Filter>Resource Files</Filter>
    </Image>
  </ItemGroup>
  <ItemGroup>
    <Library Include="..\..\..\Lib\release\common.lib">
      <Filter>lib\release</Filter>
    </Library>
    <Library Include="..\..\..\Lib\release\engine.lib">
      <Filter>lib\release</Filter>
    </Library>
    <Library Include="..\..\..\Lib\debug\common.lib">
      <Filter>lib\debug</Filter>
    </Library>
    <Library Include="..\..\..\Lib\debug\engine.lib">
      <Filter>lib\debug</Filter>
    </Library>
  </ItemGroup>
  <ItemGroup>
    <Text Include="ReadMe.txt" />
  </ItemGroup>
</Project>